PODS:
  - OnTheRoad (1.0.0-beta1)
  - Pelias (1.0.0-beta3):
    - Pelias/Core (= 1.0.0-beta3)
  - Pelias/Core (1.0.0-beta3)
  - Tangram-es (0.4.0)

DEPENDENCIES:
  - OnTheRoad (~> 1.0.0-beta)
  - Pelias (~> 1.0.0-beta)
  - Tangram-es (~> 0.4)

SPEC CHECKSUMS:
  OnTheRoad: 994e273d08efcfb598195f6235bf48d1e525602e
  Pelias: 79a3ca6332a7cb48945b5d044f564b95f13a516e
  Tangram-es: 49354b4ba6bbd180c2db90f79b4ed957f68e7525

PODFILE CHECKSUM: d28cc38afbc26b27972877b46d3b976b73861b15

COCOAPODS: 1.1.1
