// !$*UTF8*$!
{
	archiveVersion = 1;
	classes = {
	};
	objectVersion = 46;
	objects = {

/* Begin PBXBuildFile section */
		7D2FB7671E6103D500CB82CF /* DictionaryExtensions.swift in Sources */ = {isa = PBXBuildFile; fileRef = 7D2FB7661E6103D500CB82CF /* DictionaryExtensions.swift */; };
		7D2FB7691E64E66B00CB82CF /* DictionaryExtensionsTests.swift in Sources */ = {isa = PBXBuildFile; fileRef = 7D2FB7681E64E66B00CB82CF /* DictionaryExtensionsTests.swift */; };
		7D332E621EA5295B0056C006 /* relief-shading-environment-map.jpg in CopyFiles */ = {isa = PBXBuildFile; fileRef = 7D9EBC341E6DFBAF00303E1B /* relief-shading-environment-map.jpg */; };
		7D332E651EA52A850056C006 /* draw-test8.jpg in CopyFiles */ = {isa = PBXBuildFile; fileRef = 7D9EBC321E6DFBAF00303E1B /* draw-test8.jpg */; };
		7D332E661EA52A850056C006 /* draw-test9.jpg in CopyFiles */ = {isa = PBXBuildFile; fileRef = 7D9EBC331E6DFBAF00303E1B /* draw-test9.jpg */; };
		7D4122721E84621A009520B7 /* SearchConfigs.swift in Sources */ = {isa = PBXBuildFile; fileRef = 7D4122711E84621A009520B7 /* SearchConfigs.swift */; };
		7D4122741E84834C009520B7 /* SearchConfigsTests.swift in Sources */ = {isa = PBXBuildFile; fileRef = 7D4122731E84834C009520B7 /* SearchConfigsTests.swift */; };
		7D503BCC1E77457A00FDDC4F /* SampleMapViewController.swift in Sources */ = {isa = PBXBuildFile; fileRef = 7D503BCB1E77457A00FDDC4F /* SampleMapViewController.swift */; };
		7D503BCE1E77468B00FDDC4F /* SampleTableViewController.swift in Sources */ = {isa = PBXBuildFile; fileRef = 7D503BCD1E77468B00FDDC4F /* SampleTableViewController.swift */; };
		7D503BD01E78944300FDDC4F /* TestTGMarkerPickResult.swift in Sources */ = {isa = PBXBuildFile; fileRef = 7D503BCF1E78944300FDDC4F /* TestTGMarkerPickResult.swift */; };
		7D5616D51E89706700D95E5D /* RoutingControllerTests.swift in Sources */ = {isa = PBXBuildFile; fileRef = 7D5616D41E89706700D95E5D /* RoutingControllerTests.swift */; };
		7D5616D91E89C8B600D95E5D /* MapzenSearch.swift in Sources */ = {isa = PBXBuildFile; fileRef = 7D5616D81E89C8B600D95E5D /* MapzenSearch.swift */; };
		7D5616DD1E8AD01100D95E5D /* MapzenSearchTests.swift in Sources */ = {isa = PBXBuildFile; fileRef = 7D5616DC1E8AD01100D95E5D /* MapzenSearchTests.swift */; };
		7D7847251E6775EA000D56CA /* Dimensions.swift in Sources */ = {isa = PBXBuildFile; fileRef = 7D7847241E6775EA000D56CA /* Dimensions.swift */; };
		7D7D49931E7708E5006074EB /* TestSessionDataTask.swift in Sources */ = {isa = PBXBuildFile; fileRef = 7D7D49921E7708E5006074EB /* TestSessionDataTask.swift */; };
		7D7D49951E7709A1006074EB /* TestUrlSession.swift in Sources */ = {isa = PBXBuildFile; fileRef = 7D7D49941E7709A1006074EB /* TestUrlSession.swift */; };
		7D7DAE1D1E60C5C900FFCA6F /* TestApplication.swift in Sources */ = {isa = PBXBuildFile; fileRef = 7D7DAE1C1E60C5C900FFCA6F /* TestApplication.swift */; };
		7D7DAE211E60EEA300FFCA6F /* ApplicationExtensions.swift in Sources */ = {isa = PBXBuildFile; fileRef = 7D7DAE201E60EEA300FFCA6F /* ApplicationExtensions.swift */; };
		7D9EBC5E1E6DFBAF00303E1B /* bubble-wrap-style-more-labels.yaml in Resources */ = {isa = PBXBuildFile; fileRef = 7D9EBBD01E6DFBAF00303E1B /* bubble-wrap-style-more-labels.yaml */; };
		7D9EBC781E6DFBAF00303E1B /* cinnabar-style-more-labels.yaml in Resources */ = {isa = PBXBuildFile; fileRef = 7D9EBBEF1E6DFBAF00303E1B /* cinnabar-style-more-labels.yaml */; };
		7D9EBCA11E6DFBAF00303E1B /* refill-style-more-labels.yaml in Resources */ = {isa = PBXBuildFile; fileRef = 7D9EBC211E6DFBAF00303E1B /* refill-style-more-labels.yaml */; };
		7D9EBCBD1E6DFBAF00303E1B /* walkabout-style-more-labels.yaml in Resources */ = {isa = PBXBuildFile; fileRef = 7D9EBC421E6DFBAF00303E1B /* walkabout-style-more-labels.yaml */; };
		7D9EBCD21E6DFBAF00303E1B /* zinc-style-more-labels.yaml in Resources */ = {isa = PBXBuildFile; fileRef = 7D9EBC5C1E6DFBAF00303E1B /* zinc-style-more-labels.yaml */; };
		7D9EBCD41E6E0CA200303E1B /* bubble-wrap@2x.png in CopyFiles */ = {isa = PBXBuildFile; fileRef = 7D9EBBE11E6DFBAF00303E1B /* bubble-wrap@2x.png */; };
		7D9EBCD51E6E0CA200303E1B /* building-grid.gif in CopyFiles */ = {isa = PBXBuildFile; fileRef = 7D9EBBE21E6DFBAF00303E1B /* building-grid.gif */; };
		7D9EBCD81E6E0D9B00303E1B /* refill@2x.png in CopyFiles */ = {isa = PBXBuildFile; fileRef = 7D9EBC171E6DFBAF00303E1B /* refill@2x.png */; };
		7D9EBCDA1E6E0D9B00303E1B /* walkabout@2x.png in CopyFiles */ = {isa = PBXBuildFile; fileRef = 7D9EBC351E6DFBAF00303E1B /* walkabout@2x.png */; };
		7DA1A5111EA535E600255B14 /* BundleExtensions.swift in Sources */ = {isa = PBXBuildFile; fileRef = 7DA1A5101EA535E600255B14 /* BundleExtensions.swift */; };
		7DB181441E81B472001F9B49 /* SearchDataConverter.swift in Sources */ = {isa = PBXBuildFile; fileRef = 7DB1813E1E81B472001F9B49 /* SearchDataConverter.swift */; };
		7DB181451E81B472001F9B49 /* SearchDataObjects.swift in Sources */ = {isa = PBXBuildFile; fileRef = 7DB1813F1E81B472001F9B49 /* SearchDataObjects.swift */; };
		7DB181491E81B681001F9B49 /* SearchResponse.swift in Sources */ = {isa = PBXBuildFile; fileRef = 7DB181481E81B681001F9B49 /* SearchResponse.swift */; };
		7DB181531E81B73A001F9B49 /* SearchDataConverterTests.swift in Sources */ = {isa = PBXBuildFile; fileRef = 7DB181521E81B73A001F9B49 /* SearchDataConverterTests.swift */; };
		7DB181551E81B745001F9B49 /* SearchDataObjectsTests.swift in Sources */ = {isa = PBXBuildFile; fileRef = 7DB181541E81B745001F9B49 /* SearchDataObjectsTests.swift */; };
		7DB181571E81B77B001F9B49 /* SearchResponseTests.swift in Sources */ = {isa = PBXBuildFile; fileRef = 7DB181561E81B77B001F9B49 /* SearchResponseTests.swift */; };
		7DB181591E831414001F9B49 /* Marker.swift in Sources */ = {isa = PBXBuildFile; fileRef = 7DB181581E831414001F9B49 /* Marker.swift */; };
		7DC7F0941E70C26B009E722B /* TestLocationManager.swift in Sources */ = {isa = PBXBuildFile; fileRef = 7DC7F0931E70C26B009E722B /* TestLocationManager.swift */; };
		7DC7F0981E71E138009E722B /* TestAnnotationTarget.swift in Sources */ = {isa = PBXBuildFile; fileRef = 7DC7F0971E71E138009E722B /* TestAnnotationTarget.swift */; };
		7DC7F09A1E7204BE009E722B /* MapzenManagerExtensions.swift in Sources */ = {isa = PBXBuildFile; fileRef = 7DC7F0991E7204BE009E722B /* MapzenManagerExtensions.swift */; };
		7DC7F09C1E72066B009E722B /* TestMapzenManager.swift in Sources */ = {isa = PBXBuildFile; fileRef = 7DC7F09B1E72066B009E722B /* TestMapzenManager.swift */; };
		7DCA98B51E8F11C6006B7F65 /* UIColorExtensionsTests.swift in Sources */ = {isa = PBXBuildFile; fileRef = 7DCA98B41E8F11C6006B7F65 /* UIColorExtensionsTests.swift */; };
		7DDF87551E832F38001B01A8 /* UIColorExtensions.swift in Sources */ = {isa = PBXBuildFile; fileRef = 7DDF87541E832F38001B01A8 /* UIColorExtensions.swift */; };
		7DDF87591E8368F8001B01A8 /* MarkerTests.swift in Sources */ = {isa = PBXBuildFile; fileRef = 7DDF87581E8368F8001B01A8 /* MarkerTests.swift */; };
		7DF0AA2E1E5520ED00B0406E /* TestTGMapViewController.swift in Sources */ = {isa = PBXBuildFile; fileRef = 7DF0AA2D1E5520ED00B0406E /* TestTGMapViewController.swift */; };
		AC586709D7E7D4C22AA9474D /* Pods_ios_sdk.framework in Frameworks */ = {isa = PBXBuildFile; fileRef = 99B3EC60450343448FA4E699 /* Pods_ios_sdk.framework */; };
		C8F52AC1BCE46BB17E1CE0A5 /* Pods_ios_sdkTests.framework in Frameworks */ = {isa = PBXBuildFile; fileRef = 5A3EA87256F2EA6D0C43260A /* Pods_ios_sdkTests.framework */; };
		DB1201251E96B6200085C7D8 /* DemoSearchListViewController.swift in Sources */ = {isa = PBXBuildFile; fileRef = DB1201241E96B6200085C7D8 /* DemoSearchListViewController.swift */; };
		DB188EEA1E2846600054DEFD /* MapzenManager.swift in Sources */ = {isa = PBXBuildFile; fileRef = DB188EE91E2846600054DEFD /* MapzenManager.swift */; };
		DB188EEC1E28492A0054DEFD /* MapzenManagerTests.swift in Sources */ = {isa = PBXBuildFile; fileRef = DB188EEB1E28492A0054DEFD /* MapzenManagerTests.swift */; };
		DB188EEE1E290D310054DEFD /* RoutingController.swift in Sources */ = {isa = PBXBuildFile; fileRef = DB188EED1E290D310054DEFD /* RoutingController.swift */; };
		DB22E59C1DA46640004264E0 /* DemoRoutingResultTableVC.swift in Sources */ = {isa = PBXBuildFile; fileRef = DB22E59B1DA46640004264E0 /* DemoRoutingResultTableVC.swift */; };
		DB22E59E1DA473CA004264E0 /* DemoRouteDirectionCell.swift in Sources */ = {isa = PBXBuildFile; fileRef = DB22E59D1DA473CA004264E0 /* DemoRouteDirectionCell.swift */; };
		DB35012A1E954A8F00FB8923 /* DemoSearchPinsViewController.swift in Sources */ = {isa = PBXBuildFile; fileRef = DB3501291E954A8F00FB8923 /* DemoSearchPinsViewController.swift */; };
		DB366BDF1DF8BE090045C15F /* ic_find_me_normal@2x.png in Resources */ = {isa = PBXBuildFile; fileRef = DB366BDD1DF8BE090045C15F /* ic_find_me_normal@2x.png */; };
		DB5B31511DE4A173005EB816 /* LocationManager.swift in Sources */ = {isa = PBXBuildFile; fileRef = DB5B31501DE4A173005EB816 /* LocationManager.swift */; };
		DB6A3F7C1DFF4EA300FBE6B6 /* ic_find_me_normal.png in Resources */ = {isa = PBXBuildFile; fileRef = DB6A3F781DFF4EA300FBE6B6 /* ic_find_me_normal.png */; };
		DB6A3F7D1DFF4EA300FBE6B6 /* ic_find_me_normal@3x.png in Resources */ = {isa = PBXBuildFile; fileRef = DB6A3F791DFF4EA300FBE6B6 /* ic_find_me_normal@3x.png */; };
		DB6A3F7E1DFF4EA300FBE6B6 /* ic_find_me_pressed.png in Resources */ = {isa = PBXBuildFile; fileRef = DB6A3F7A1DFF4EA300FBE6B6 /* ic_find_me_pressed.png */; };
		DB6A3F7F1DFF4EA300FBE6B6 /* ic_find_me_pressed@3x.png in Resources */ = {isa = PBXBuildFile; fileRef = DB6A3F7B1DFF4EA300FBE6B6 /* ic_find_me_pressed@3x.png */; };
		DB70FEA91DE3425800249509 /* MZMapViewController.swift in Sources */ = {isa = PBXBuildFile; fileRef = DB70FEA81DE3425800249509 /* MZMapViewController.swift */; };
		DB7253361E9C1FF500304516 /* DemoRouteViewController.swift in Sources */ = {isa = PBXBuildFile; fileRef = DB7253351E9C1FF500304516 /* DemoRouteViewController.swift */; };
		DB7A33D81C8F8E8B009CC743 /* AppDelegate.swift in Sources */ = {isa = PBXBuildFile; fileRef = DB7A33D71C8F8E8B009CC743 /* AppDelegate.swift */; };
		DB7A33DD1C8F8E8B009CC743 /* Main.storyboard in Resources */ = {isa = PBXBuildFile; fileRef = DB7A33DB1C8F8E8B009CC743 /* Main.storyboard */; };
		DB7A33DF1C8F8E8B009CC743 /* Assets.xcassets in Resources */ = {isa = PBXBuildFile; fileRef = DB7A33DE1C8F8E8B009CC743 /* Assets.xcassets */; };
		DB7A33E21C8F8E8B009CC743 /* LaunchScreen.storyboard in Resources */ = {isa = PBXBuildFile; fileRef = DB7A33E01C8F8E8B009CC743 /* LaunchScreen.storyboard */; };
		DBC869901D3662DD00DDC4FE /* SampleAutocompleteTableViewController.swift in Sources */ = {isa = PBXBuildFile; fileRef = DBC8698F1D3662DD00DDC4FE /* SampleAutocompleteTableViewController.swift */; };
		DBC869921D3663C700DDC4FE /* PeliasMapkitExtensions.swift in Sources */ = {isa = PBXBuildFile; fileRef = DBC869911D3663C700DDC4FE /* PeliasMapkitExtensions.swift */; };
		DBCBC5BF1E0AE1CF0045B345 /* MapViewControllerTests.swift in Sources */ = {isa = PBXBuildFile; fileRef = DBCBC5BE1E0AE1CF0045B345 /* MapViewControllerTests.swift */; };
		DBF441AE1D351B0A007DEE95 /* DemoMapViewController.swift in Sources */ = {isa = PBXBuildFile; fileRef = DBF441AD1D351B0A007DEE95 /* DemoMapViewController.swift */; };
		DBF441B01D351C90007DEE95 /* GLKit.framework in Frameworks */ = {isa = PBXBuildFile; fileRef = DBF441AF1D351C90007DEE95 /* GLKit.framework */; };
		DBF5221D1DFB4752009D8F1E /* ic_find_me_pressed@2x.png in Resources */ = {isa = PBXBuildFile; fileRef = DBF5221C1DFB4752009D8F1E /* ic_find_me_pressed@2x.png */; };
		DBFB759F1E2046D100CF6173 /* TangramExtensions.swift in Sources */ = {isa = PBXBuildFile; fileRef = DBFB759E1E2046D100CF6173 /* TangramExtensions.swift */; };
/* End PBXBuildFile section */

/* Begin PBXContainerItemProxy section */
		DB7A33E91C8F8E8B009CC743 /* PBXContainerItemProxy */ = {
			isa = PBXContainerItemProxy;
			containerPortal = DB7A33CC1C8F8E8B009CC743 /* Project object */;
			proxyType = 1;
			remoteGlobalIDString = DB7A33D31C8F8E8B009CC743;
			remoteInfo = "ios-sdk";
		};
/* End PBXContainerItemProxy section */

/* Begin PBXCopyFilesBuildPhase section */
		7D9EBCD31E6E0BA500303E1B /* CopyFiles */ = {
			isa = PBXCopyFilesBuildPhase;
			buildActionMask = 2147483647;
			dstPath = images;
			dstSubfolderSpec = 6;
			files = (
				7D332E651EA52A850056C006 /* draw-test8.jpg in CopyFiles */,
				7D332E661EA52A850056C006 /* draw-test9.jpg in CopyFiles */,
				7D332E621EA5295B0056C006 /* relief-shading-environment-map.jpg in CopyFiles */,
				7D9EBCD81E6E0D9B00303E1B /* refill@2x.png in CopyFiles */,
				7D9EBCDA1E6E0D9B00303E1B /* walkabout@2x.png in CopyFiles */,
				7D9EBCD41E6E0CA200303E1B /* bubble-wrap@2x.png in CopyFiles */,
				7D9EBCD51E6E0CA200303E1B /* building-grid.gif in CopyFiles */,
			);
			runOnlyForDeploymentPostprocessing = 0;
		};
/* End PBXCopyFilesBuildPhase section */

/* Begin PBXFileReference section */
		0A9FDCBA6C81C063BED6CDFF /* Pods-ios-sdk.release.xcconfig */ = {isa = PBXFileReference; includeInIndex = 1; lastKnownFileType = text.xcconfig; name = "Pods-ios-sdk.release.xcconfig"; path = "Pods/Target Support Files/Pods-ios-sdk/Pods-ios-sdk.release.xcconfig"; sourceTree = "<group>"; };
		5A3EA87256F2EA6D0C43260A /* Pods_ios_sdkTests.framework */ = {isa = PBXFileReference; explicitFileType = wrapper.framework; includeInIndex = 0; path = Pods_ios_sdkTests.framework; sourceTree = BUILT_PRODUCTS_DIR; };
		7D2FB7661E6103D500CB82CF /* DictionaryExtensions.swift */ = {isa = PBXFileReference; fileEncoding = 4; lastKnownFileType = sourcecode.swift; path = DictionaryExtensions.swift; sourceTree = "<group>"; };
		7D2FB7681E64E66B00CB82CF /* DictionaryExtensionsTests.swift */ = {isa = PBXFileReference; fileEncoding = 4; lastKnownFileType = sourcecode.swift; path = DictionaryExtensionsTests.swift; sourceTree = "<group>"; };
		7D4122711E84621A009520B7 /* SearchConfigs.swift */ = {isa = PBXFileReference; fileEncoding = 4; lastKnownFileType = sourcecode.swift; path = SearchConfigs.swift; sourceTree = "<group>"; };
		7D4122731E84834C009520B7 /* SearchConfigsTests.swift */ = {isa = PBXFileReference; fileEncoding = 4; lastKnownFileType = sourcecode.swift; path = SearchConfigsTests.swift; sourceTree = "<group>"; };
		7D503BCB1E77457A00FDDC4F /* SampleMapViewController.swift */ = {isa = PBXFileReference; fileEncoding = 4; lastKnownFileType = sourcecode.swift; path = SampleMapViewController.swift; sourceTree = "<group>"; };
		7D503BCD1E77468B00FDDC4F /* SampleTableViewController.swift */ = {isa = PBXFileReference; fileEncoding = 4; lastKnownFileType = sourcecode.swift; path = SampleTableViewController.swift; sourceTree = "<group>"; };
		7D503BCF1E78944300FDDC4F /* TestTGMarkerPickResult.swift */ = {isa = PBXFileReference; fileEncoding = 4; lastKnownFileType = sourcecode.swift; path = TestTGMarkerPickResult.swift; sourceTree = "<group>"; };
		7D5616D41E89706700D95E5D /* RoutingControllerTests.swift */ = {isa = PBXFileReference; fileEncoding = 4; lastKnownFileType = sourcecode.swift; path = RoutingControllerTests.swift; sourceTree = "<group>"; };
		7D5616D81E89C8B600D95E5D /* MapzenSearch.swift */ = {isa = PBXFileReference; fileEncoding = 4; lastKnownFileType = sourcecode.swift; path = MapzenSearch.swift; sourceTree = "<group>"; };
		7D5616DC1E8AD01100D95E5D /* MapzenSearchTests.swift */ = {isa = PBXFileReference; fileEncoding = 4; lastKnownFileType = sourcecode.swift; path = MapzenSearchTests.swift; sourceTree = "<group>"; };
		7D7847241E6775EA000D56CA /* Dimensions.swift */ = {isa = PBXFileReference; fileEncoding = 4; lastKnownFileType = sourcecode.swift; path = Dimensions.swift; sourceTree = "<group>"; };
		7D7D49921E7708E5006074EB /* TestSessionDataTask.swift */ = {isa = PBXFileReference; fileEncoding = 4; lastKnownFileType = sourcecode.swift; path = TestSessionDataTask.swift; sourceTree = "<group>"; };
		7D7D49941E7709A1006074EB /* TestUrlSession.swift */ = {isa = PBXFileReference; fileEncoding = 4; lastKnownFileType = sourcecode.swift; path = TestUrlSession.swift; sourceTree = "<group>"; };
		7D7DAE1C1E60C5C900FFCA6F /* TestApplication.swift */ = {isa = PBXFileReference; fileEncoding = 4; lastKnownFileType = sourcecode.swift; path = TestApplication.swift; sourceTree = "<group>"; };
		7D7DAE201E60EEA300FFCA6F /* ApplicationExtensions.swift */ = {isa = PBXFileReference; fileEncoding = 4; lastKnownFileType = sourcecode.swift; path = ApplicationExtensions.swift; sourceTree = "<group>"; };
		7D9EBBD01E6DFBAF00303E1B /* bubble-wrap-style-more-labels.yaml */ = {isa = PBXFileReference; fileEncoding = 4; lastKnownFileType = text; path = "bubble-wrap-style-more-labels.yaml"; sourceTree = "<group>"; };
		7D9EBBE11E6DFBAF00303E1B /* bubble-wrap@2x.png */ = {isa = PBXFileReference; lastKnownFileType = image.png; path = "bubble-wrap@2x.png"; sourceTree = "<group>"; };
		7D9EBBE21E6DFBAF00303E1B /* building-grid.gif */ = {isa = PBXFileReference; lastKnownFileType = image.gif; path = "building-grid.gif"; sourceTree = "<group>"; };
		7D9EBBEF1E6DFBAF00303E1B /* cinnabar-style-more-labels.yaml */ = {isa = PBXFileReference; fileEncoding = 4; lastKnownFileType = text; path = "cinnabar-style-more-labels.yaml"; sourceTree = "<group>"; };
		7D9EBBFC1E6DFBAF00303E1B /* refill@2x.png */ = {isa = PBXFileReference; lastKnownFileType = image.png; path = "refill@2x.png"; sourceTree = "<group>"; };
		7D9EBC161E6DFBAF00303E1B /* building-grid.gif */ = {isa = PBXFileReference; lastKnownFileType = image.gif; path = "building-grid.gif"; sourceTree = "<group>"; };
		7D9EBC171E6DFBAF00303E1B /* refill@2x.png */ = {isa = PBXFileReference; lastKnownFileType = image.png; path = "refill@2x.png"; sourceTree = "<group>"; };
		7D9EBC211E6DFBAF00303E1B /* refill-style-more-labels.yaml */ = {isa = PBXFileReference; fileEncoding = 4; lastKnownFileType = text; path = "refill-style-more-labels.yaml"; sourceTree = "<group>"; };
		7D9EBC311E6DFBAF00303E1B /* building-grid.gif */ = {isa = PBXFileReference; lastKnownFileType = image.gif; path = "building-grid.gif"; sourceTree = "<group>"; };
		7D9EBC321E6DFBAF00303E1B /* draw-test8.jpg */ = {isa = PBXFileReference; lastKnownFileType = image.jpeg; path = "draw-test8.jpg"; sourceTree = "<group>"; };
		7D9EBC331E6DFBAF00303E1B /* draw-test9.jpg */ = {isa = PBXFileReference; lastKnownFileType = image.jpeg; path = "draw-test9.jpg"; sourceTree = "<group>"; };
		7D9EBC341E6DFBAF00303E1B /* relief-shading-environment-map.jpg */ = {isa = PBXFileReference; lastKnownFileType = image.jpeg; path = "relief-shading-environment-map.jpg"; sourceTree = "<group>"; };
		7D9EBC351E6DFBAF00303E1B /* walkabout@2x.png */ = {isa = PBXFileReference; lastKnownFileType = image.png; path = "walkabout@2x.png"; sourceTree = "<group>"; };
		7D9EBC421E6DFBAF00303E1B /* walkabout-style-more-labels.yaml */ = {isa = PBXFileReference; fileEncoding = 4; lastKnownFileType = text; path = "walkabout-style-more-labels.yaml"; sourceTree = "<group>"; };
		7D9EBC511E6DFBAF00303E1B /* refill@2x.png */ = {isa = PBXFileReference; lastKnownFileType = image.png; path = "refill@2x.png"; sourceTree = "<group>"; };
		7D9EBC5C1E6DFBAF00303E1B /* zinc-style-more-labels.yaml */ = {isa = PBXFileReference; fileEncoding = 4; lastKnownFileType = text; path = "zinc-style-more-labels.yaml"; sourceTree = "<group>"; };
		7DA1A5101EA535E600255B14 /* BundleExtensions.swift */ = {isa = PBXFileReference; fileEncoding = 4; lastKnownFileType = sourcecode.swift; path = BundleExtensions.swift; sourceTree = "<group>"; };
		7DB1813E1E81B472001F9B49 /* SearchDataConverter.swift */ = {isa = PBXFileReference; fileEncoding = 4; lastKnownFileType = sourcecode.swift; path = SearchDataConverter.swift; sourceTree = "<group>"; };
		7DB1813F1E81B472001F9B49 /* SearchDataObjects.swift */ = {isa = PBXFileReference; fileEncoding = 4; lastKnownFileType = sourcecode.swift; path = SearchDataObjects.swift; sourceTree = "<group>"; };
		7DB181481E81B681001F9B49 /* SearchResponse.swift */ = {isa = PBXFileReference; fileEncoding = 4; lastKnownFileType = sourcecode.swift; path = SearchResponse.swift; sourceTree = "<group>"; };
		7DB181521E81B73A001F9B49 /* SearchDataConverterTests.swift */ = {isa = PBXFileReference; fileEncoding = 4; lastKnownFileType = sourcecode.swift; path = SearchDataConverterTests.swift; sourceTree = "<group>"; };
		7DB181541E81B745001F9B49 /* SearchDataObjectsTests.swift */ = {isa = PBXFileReference; fileEncoding = 4; lastKnownFileType = sourcecode.swift; path = SearchDataObjectsTests.swift; sourceTree = "<group>"; };
		7DB181561E81B77B001F9B49 /* SearchResponseTests.swift */ = {isa = PBXFileReference; fileEncoding = 4; lastKnownFileType = sourcecode.swift; path = SearchResponseTests.swift; sourceTree = "<group>"; };
		7DB181581E831414001F9B49 /* Marker.swift */ = {isa = PBXFileReference; fileEncoding = 4; lastKnownFileType = sourcecode.swift; path = Marker.swift; sourceTree = "<group>"; };
		7DC7F0931E70C26B009E722B /* TestLocationManager.swift */ = {isa = PBXFileReference; fileEncoding = 4; lastKnownFileType = sourcecode.swift; path = TestLocationManager.swift; sourceTree = "<group>"; };
		7DC7F0971E71E138009E722B /* TestAnnotationTarget.swift */ = {isa = PBXFileReference; fileEncoding = 4; lastKnownFileType = sourcecode.swift; path = TestAnnotationTarget.swift; sourceTree = "<group>"; };
		7DC7F0991E7204BE009E722B /* MapzenManagerExtensions.swift */ = {isa = PBXFileReference; fileEncoding = 4; lastKnownFileType = sourcecode.swift; path = MapzenManagerExtensions.swift; sourceTree = "<group>"; };
		7DC7F09B1E72066B009E722B /* TestMapzenManager.swift */ = {isa = PBXFileReference; fileEncoding = 4; lastKnownFileType = sourcecode.swift; path = TestMapzenManager.swift; sourceTree = "<group>"; };
		7DCA98B41E8F11C6006B7F65 /* UIColorExtensionsTests.swift */ = {isa = PBXFileReference; fileEncoding = 4; lastKnownFileType = sourcecode.swift; path = UIColorExtensionsTests.swift; sourceTree = "<group>"; };
		7DDF87541E832F38001B01A8 /* UIColorExtensions.swift */ = {isa = PBXFileReference; fileEncoding = 4; lastKnownFileType = sourcecode.swift; path = UIColorExtensions.swift; sourceTree = "<group>"; };
		7DDF87581E8368F8001B01A8 /* MarkerTests.swift */ = {isa = PBXFileReference; fileEncoding = 4; lastKnownFileType = sourcecode.swift; path = MarkerTests.swift; sourceTree = "<group>"; };
		7DF0AA2D1E5520ED00B0406E /* TestTGMapViewController.swift */ = {isa = PBXFileReference; fileEncoding = 4; lastKnownFileType = sourcecode.swift; path = TestTGMapViewController.swift; sourceTree = "<group>"; };
		92C35E8790FB3255237B1E77 /* Pods.framework */ = {isa = PBXFileReference; explicitFileType = wrapper.framework; includeInIndex = 0; path = Pods.framework; sourceTree = BUILT_PRODUCTS_DIR; };
		99B3EC60450343448FA4E699 /* Pods_ios_sdk.framework */ = {isa = PBXFileReference; explicitFileType = wrapper.framework; includeInIndex = 0; path = Pods_ios_sdk.framework; sourceTree = BUILT_PRODUCTS_DIR; };
		A8BB69C349D7314906580508 /* Pods-ios-sdkTests.release.xcconfig */ = {isa = PBXFileReference; includeInIndex = 1; lastKnownFileType = text.xcconfig; name = "Pods-ios-sdkTests.release.xcconfig"; path = "Pods/Target Support Files/Pods-ios-sdkTests/Pods-ios-sdkTests.release.xcconfig"; sourceTree = "<group>"; };
		B96DEBA552AA3AAEA9CDF6F4 /* Pods-ios-sdk.debug.xcconfig */ = {isa = PBXFileReference; includeInIndex = 1; lastKnownFileType = text.xcconfig; name = "Pods-ios-sdk.debug.xcconfig"; path = "Pods/Target Support Files/Pods-ios-sdk/Pods-ios-sdk.debug.xcconfig"; sourceTree = "<group>"; };
		DB1201241E96B6200085C7D8 /* DemoSearchListViewController.swift */ = {isa = PBXFileReference; fileEncoding = 4; lastKnownFileType = sourcecode.swift; path = DemoSearchListViewController.swift; sourceTree = "<group>"; };
		DB188EE91E2846600054DEFD /* MapzenManager.swift */ = {isa = PBXFileReference; fileEncoding = 4; lastKnownFileType = sourcecode.swift; path = MapzenManager.swift; sourceTree = "<group>"; };
		DB188EEB1E28492A0054DEFD /* MapzenManagerTests.swift */ = {isa = PBXFileReference; fileEncoding = 4; lastKnownFileType = sourcecode.swift; path = MapzenManagerTests.swift; sourceTree = "<group>"; };
		DB188EED1E290D310054DEFD /* RoutingController.swift */ = {isa = PBXFileReference; fileEncoding = 4; lastKnownFileType = sourcecode.swift; path = RoutingController.swift; sourceTree = "<group>"; };
		DB22E59B1DA46640004264E0 /* DemoRoutingResultTableVC.swift */ = {isa = PBXFileReference; fileEncoding = 4; lastKnownFileType = sourcecode.swift; path = DemoRoutingResultTableVC.swift; sourceTree = "<group>"; };
		DB22E59D1DA473CA004264E0 /* DemoRouteDirectionCell.swift */ = {isa = PBXFileReference; fileEncoding = 4; lastKnownFileType = sourcecode.swift; path = DemoRouteDirectionCell.swift; sourceTree = "<group>"; };
		DB3501291E954A8F00FB8923 /* DemoSearchPinsViewController.swift */ = {isa = PBXFileReference; fileEncoding = 4; lastKnownFileType = sourcecode.swift; path = DemoSearchPinsViewController.swift; sourceTree = "<group>"; };
		DB366BDD1DF8BE090045C15F /* ic_find_me_normal@2x.png */ = {isa = PBXFileReference; lastKnownFileType = image.png; path = "ic_find_me_normal@2x.png"; sourceTree = "<group>"; };
		DB5B31501DE4A173005EB816 /* LocationManager.swift */ = {isa = PBXFileReference; fileEncoding = 4; lastKnownFileType = sourcecode.swift; path = LocationManager.swift; sourceTree = "<group>"; };
		DB6A3F781DFF4EA300FBE6B6 /* ic_find_me_normal.png */ = {isa = PBXFileReference; lastKnownFileType = image.png; path = ic_find_me_normal.png; sourceTree = "<group>"; };
		DB6A3F791DFF4EA300FBE6B6 /* ic_find_me_normal@3x.png */ = {isa = PBXFileReference; lastKnownFileType = image.png; path = "ic_find_me_normal@3x.png"; sourceTree = "<group>"; };
		DB6A3F7A1DFF4EA300FBE6B6 /* ic_find_me_pressed.png */ = {isa = PBXFileReference; lastKnownFileType = image.png; path = ic_find_me_pressed.png; sourceTree = "<group>"; };
		DB6A3F7B1DFF4EA300FBE6B6 /* ic_find_me_pressed@3x.png */ = {isa = PBXFileReference; lastKnownFileType = image.png; path = "ic_find_me_pressed@3x.png"; sourceTree = "<group>"; };
		DB70FEA81DE3425800249509 /* MZMapViewController.swift */ = {isa = PBXFileReference; fileEncoding = 4; lastKnownFileType = sourcecode.swift; path = MZMapViewController.swift; sourceTree = "<group>"; };
		DB7253351E9C1FF500304516 /* DemoRouteViewController.swift */ = {isa = PBXFileReference; fileEncoding = 4; lastKnownFileType = sourcecode.swift; path = DemoRouteViewController.swift; sourceTree = "<group>"; };
		DB7A33D41C8F8E8B009CC743 /* ios-sdk.app */ = {isa = PBXFileReference; explicitFileType = wrapper.application; includeInIndex = 0; path = "ios-sdk.app"; sourceTree = BUILT_PRODUCTS_DIR; };
		DB7A33D71C8F8E8B009CC743 /* AppDelegate.swift */ = {isa = PBXFileReference; lastKnownFileType = sourcecode.swift; path = AppDelegate.swift; sourceTree = "<group>"; };
		DB7A33DC1C8F8E8B009CC743 /* Base */ = {isa = PBXFileReference; lastKnownFileType = file.storyboard; name = Base; path = Base.lproj/Main.storyboard; sourceTree = "<group>"; };
		DB7A33DE1C8F8E8B009CC743 /* Assets.xcassets */ = {isa = PBXFileReference; lastKnownFileType = folder.assetcatalog; path = Assets.xcassets; sourceTree = "<group>"; };
		DB7A33E11C8F8E8B009CC743 /* Base */ = {isa = PBXFileReference; lastKnownFileType = file.storyboard; name = Base; path = Base.lproj/LaunchScreen.storyboard; sourceTree = "<group>"; };
		DB7A33E31C8F8E8B009CC743 /* Info.plist */ = {isa = PBXFileReference; lastKnownFileType = text.plist.xml; path = Info.plist; sourceTree = "<group>"; };
		DB7A33E81C8F8E8B009CC743 /* ios-sdkTests.xctest */ = {isa = PBXFileReference; explicitFileType = wrapper.cfbundle; includeInIndex = 0; path = "ios-sdkTests.xctest"; sourceTree = BUILT_PRODUCTS_DIR; };
		DB7A33EE1C8F8E8B009CC743 /* Info.plist */ = {isa = PBXFileReference; lastKnownFileType = text.plist.xml; path = Info.plist; sourceTree = "<group>"; };
		DBC8698F1D3662DD00DDC4FE /* SampleAutocompleteTableViewController.swift */ = {isa = PBXFileReference; fileEncoding = 4; lastKnownFileType = sourcecode.swift; path = SampleAutocompleteTableViewController.swift; sourceTree = "<group>"; };
		DBC869911D3663C700DDC4FE /* PeliasMapkitExtensions.swift */ = {isa = PBXFileReference; fileEncoding = 4; lastKnownFileType = sourcecode.swift; path = PeliasMapkitExtensions.swift; sourceTree = "<group>"; };
		DBCBC5BE1E0AE1CF0045B345 /* MapViewControllerTests.swift */ = {isa = PBXFileReference; fileEncoding = 4; lastKnownFileType = sourcecode.swift; path = MapViewControllerTests.swift; sourceTree = "<group>"; };
		DBF441AD1D351B0A007DEE95 /* DemoMapViewController.swift */ = {isa = PBXFileReference; fileEncoding = 4; lastKnownFileType = sourcecode.swift; path = DemoMapViewController.swift; sourceTree = "<group>"; };
		DBF441AF1D351C90007DEE95 /* GLKit.framework */ = {isa = PBXFileReference; lastKnownFileType = wrapper.framework; name = GLKit.framework; path = System/Library/Frameworks/GLKit.framework; sourceTree = SDKROOT; };
		DBF5221C1DFB4752009D8F1E /* ic_find_me_pressed@2x.png */ = {isa = PBXFileReference; lastKnownFileType = image.png; path = "ic_find_me_pressed@2x.png"; sourceTree = "<group>"; };
		DBFB759E1E2046D100CF6173 /* TangramExtensions.swift */ = {isa = PBXFileReference; fileEncoding = 4; lastKnownFileType = sourcecode.swift; path = TangramExtensions.swift; sourceTree = "<group>"; };
		EEFF8429A821CE3BB0733D53 /* Pods-ios-sdkTests.debug.xcconfig */ = {isa = PBXFileReference; includeInIndex = 1; lastKnownFileType = text.xcconfig; name = "Pods-ios-sdkTests.debug.xcconfig"; path = "Pods/Target Support Files/Pods-ios-sdkTests/Pods-ios-sdkTests.debug.xcconfig"; sourceTree = "<group>"; };
/* End PBXFileReference section */

/* Begin PBXFrameworksBuildPhase section */
		DB7A33D11C8F8E8B009CC743 /* Frameworks */ = {
			isa = PBXFrameworksBuildPhase;
			buildActionMask = 2147483647;
			files = (
				DBF441B01D351C90007DEE95 /* GLKit.framework in Frameworks */,
				AC586709D7E7D4C22AA9474D /* Pods_ios_sdk.framework in Frameworks */,
			);
			runOnlyForDeploymentPostprocessing = 0;
		};
		DB7A33E51C8F8E8B009CC743 /* Frameworks */ = {
			isa = PBXFrameworksBuildPhase;
			buildActionMask = 2147483647;
			files = (
				C8F52AC1BCE46BB17E1CE0A5 /* Pods_ios_sdkTests.framework in Frameworks */,
			);
			runOnlyForDeploymentPostprocessing = 0;
		};
/* End PBXFrameworksBuildPhase section */

/* Begin PBXGroup section */
		7D7847231E6775EA000D56CA /* dimensions */ = {
			isa = PBXGroup;
			children = (
				7D7847241E6775EA000D56CA /* Dimensions.swift */,
			);
			path = dimensions;
			sourceTree = "<group>";
		};
		7D9EBBCD1E6DFBAF00303E1B /* styles */ = {
			isa = PBXGroup;
			children = (
				7D9EBBCE1E6DFBAF00303E1B /* bubble-wrap */,
				7D9EBBED1E6DFBAF00303E1B /* cinnabar */,
				7D9EBC081E6DFBAF00303E1B /* refill */,
				7D9EBC231E6DFBAF00303E1B /* walkabout */,
				7D9EBC431E6DFBAF00303E1B /* zinc */,
			);
			path = styles;
			sourceTree = "<group>";
		};
		7D9EBBCE1E6DFBAF00303E1B /* bubble-wrap */ = {
			isa = PBXGroup;
			children = (
				7D9EBBD01E6DFBAF00303E1B /* bubble-wrap-style-more-labels.yaml */,
				7D9EBBE01E6DFBAF00303E1B /* images */,
			);
			path = "bubble-wrap";
			sourceTree = "<group>";
		};
		7D9EBBE01E6DFBAF00303E1B /* images */ = {
			isa = PBXGroup;
			children = (
				7D9EBBE11E6DFBAF00303E1B /* bubble-wrap@2x.png */,
				7D9EBBE21E6DFBAF00303E1B /* building-grid.gif */,
			);
			path = images;
			sourceTree = "<group>";
		};
		7D9EBBED1E6DFBAF00303E1B /* cinnabar */ = {
			isa = PBXGroup;
			children = (
				7D9EBBEF1E6DFBAF00303E1B /* cinnabar-style-more-labels.yaml */,
				7D9EBBFB1E6DFBAF00303E1B /* images */,
			);
			path = cinnabar;
			sourceTree = "<group>";
		};
		7D9EBBFB1E6DFBAF00303E1B /* images */ = {
			isa = PBXGroup;
			children = (
				7D9EBBFC1E6DFBAF00303E1B /* refill@2x.png */,
			);
			path = images;
			sourceTree = "<group>";
		};
		7D9EBC081E6DFBAF00303E1B /* refill */ = {
			isa = PBXGroup;
			children = (
				7D9EBC151E6DFBAF00303E1B /* images */,
				7D9EBC211E6DFBAF00303E1B /* refill-style-more-labels.yaml */,
			);
			path = refill;
			sourceTree = "<group>";
		};
		7D9EBC151E6DFBAF00303E1B /* images */ = {
			isa = PBXGroup;
			children = (
				7D9EBC161E6DFBAF00303E1B /* building-grid.gif */,
				7D9EBC171E6DFBAF00303E1B /* refill@2x.png */,
			);
			path = images;
			sourceTree = "<group>";
		};
		7D9EBC231E6DFBAF00303E1B /* walkabout */ = {
			isa = PBXGroup;
			children = (
				7D9EBC301E6DFBAF00303E1B /* images */,
				7D9EBC421E6DFBAF00303E1B /* walkabout-style-more-labels.yaml */,
			);
			path = walkabout;
			sourceTree = "<group>";
		};
		7D9EBC301E6DFBAF00303E1B /* images */ = {
			isa = PBXGroup;
			children = (
				7D9EBC311E6DFBAF00303E1B /* building-grid.gif */,
				7D9EBC321E6DFBAF00303E1B /* draw-test8.jpg */,
				7D9EBC331E6DFBAF00303E1B /* draw-test9.jpg */,
				7D9EBC341E6DFBAF00303E1B /* relief-shading-environment-map.jpg */,
				7D9EBC351E6DFBAF00303E1B /* walkabout@2x.png */,
			);
			path = images;
			sourceTree = "<group>";
		};
		7D9EBC431E6DFBAF00303E1B /* zinc */ = {
			isa = PBXGroup;
			children = (
				7D9EBC501E6DFBAF00303E1B /* images */,
				7D9EBC5C1E6DFBAF00303E1B /* zinc-style-more-labels.yaml */,
			);
			path = zinc;
			sourceTree = "<group>";
		};
		7D9EBC501E6DFBAF00303E1B /* images */ = {
			isa = PBXGroup;
			children = (
				7D9EBC511E6DFBAF00303E1B /* refill@2x.png */,
			);
			path = images;
			sourceTree = "<group>";
		};
		8E4E4B43C1B764470EBBDBBA /* Pods */ = {
			isa = PBXGroup;
			children = (
				B96DEBA552AA3AAEA9CDF6F4 /* Pods-ios-sdk.debug.xcconfig */,
				0A9FDCBA6C81C063BED6CDFF /* Pods-ios-sdk.release.xcconfig */,
				EEFF8429A821CE3BB0733D53 /* Pods-ios-sdkTests.debug.xcconfig */,
				A8BB69C349D7314906580508 /* Pods-ios-sdkTests.release.xcconfig */,
			);
			name = Pods;
			sourceTree = "<group>";
		};
		CF541C01B2D071D0FF55D939 /* Frameworks */ = {
			isa = PBXGroup;
			children = (
				DBF441AF1D351C90007DEE95 /* GLKit.framework */,
				92C35E8790FB3255237B1E77 /* Pods.framework */,
				99B3EC60450343448FA4E699 /* Pods_ios_sdk.framework */,
				5A3EA87256F2EA6D0C43260A /* Pods_ios_sdkTests.framework */,
			);
			name = Frameworks;
			sourceTree = "<group>";
		};
		DB366BDC1DF8BE090045C15F /* images */ = {
			isa = PBXGroup;
			children = (
				DB6A3F781DFF4EA300FBE6B6 /* ic_find_me_normal.png */,
				DB366BDD1DF8BE090045C15F /* ic_find_me_normal@2x.png */,
				DB6A3F791DFF4EA300FBE6B6 /* ic_find_me_normal@3x.png */,
				DB6A3F7A1DFF4EA300FBE6B6 /* ic_find_me_pressed.png */,
				DBF5221C1DFB4752009D8F1E /* ic_find_me_pressed@2x.png */,
				DB6A3F7B1DFF4EA300FBE6B6 /* ic_find_me_pressed@3x.png */,
			);
			path = images;
			sourceTree = "<group>";
		};
		DB7A33CB1C8F8E8B009CC743 = {
			isa = PBXGroup;
			children = (
				7D9EBBCD1E6DFBAF00303E1B /* styles */,
				DB366BDC1DF8BE090045C15F /* images */,
				DBC84EA51C985B6D00EE80D8 /* src */,
				DB7A33D61C8F8E8B009CC743 /* SampleApp */,
				DB7A33EB1C8F8E8B009CC743 /* ios-sdkTests */,
				DB7A33D51C8F8E8B009CC743 /* Products */,
				CF541C01B2D071D0FF55D939 /* Frameworks */,
				8E4E4B43C1B764470EBBDBBA /* Pods */,
			);
			sourceTree = "<group>";
		};
		DB7A33D51C8F8E8B009CC743 /* Products */ = {
			isa = PBXGroup;
			children = (
				DB7A33D41C8F8E8B009CC743 /* ios-sdk.app */,
				DB7A33E81C8F8E8B009CC743 /* ios-sdkTests.xctest */,
			);
			name = Products;
			sourceTree = "<group>";
		};
		DB7A33D61C8F8E8B009CC743 /* SampleApp */ = {
			isa = PBXGroup;
			children = (
				DB7A33D71C8F8E8B009CC743 /* AppDelegate.swift */,
				DB7A33DB1C8F8E8B009CC743 /* Main.storyboard */,
				DB7A33DE1C8F8E8B009CC743 /* Assets.xcassets */,
				DB7A33E01C8F8E8B009CC743 /* LaunchScreen.storyboard */,
				DB7A33E31C8F8E8B009CC743 /* Info.plist */,
				DBF441AD1D351B0A007DEE95 /* DemoMapViewController.swift */,
				DB7253351E9C1FF500304516 /* DemoRouteViewController.swift */,
				DB22E59B1DA46640004264E0 /* DemoRoutingResultTableVC.swift */,
				DB22E59D1DA473CA004264E0 /* DemoRouteDirectionCell.swift */,
				DB1201241E96B6200085C7D8 /* DemoSearchListViewController.swift */,
				DB3501291E954A8F00FB8923 /* DemoSearchPinsViewController.swift */,
				DBC8698F1D3662DD00DDC4FE /* SampleAutocompleteTableViewController.swift */,
				7D503BCB1E77457A00FDDC4F /* SampleMapViewController.swift */,
				7D503BCD1E77468B00FDDC4F /* SampleTableViewController.swift */,
			);
			path = SampleApp;
			sourceTree = "<group>";
		};
		DB7A33EB1C8F8E8B009CC743 /* ios-sdkTests */ = {
			isa = PBXGroup;
			children = (
				7D5616D41E89706700D95E5D /* RoutingControllerTests.swift */,
				DB7A33EE1C8F8E8B009CC743 /* Info.plist */,
				DBCBC5BE1E0AE1CF0045B345 /* MapViewControllerTests.swift */,
				DB188EEB1E28492A0054DEFD /* MapzenManagerTests.swift */,
				7DF0AA2D1E5520ED00B0406E /* TestTGMapViewController.swift */,
				7D2FB7681E64E66B00CB82CF /* DictionaryExtensionsTests.swift */,
				7D7DAE1C1E60C5C900FFCA6F /* TestApplication.swift */,
				7DC7F0931E70C26B009E722B /* TestLocationManager.swift */,
				7DC7F09B1E72066B009E722B /* TestMapzenManager.swift */,
				7DC7F0971E71E138009E722B /* TestAnnotationTarget.swift */,
				7D7D49941E7709A1006074EB /* TestUrlSession.swift */,
				7D7D49921E7708E5006074EB /* TestSessionDataTask.swift */,
				7D503BCF1E78944300FDDC4F /* TestTGMarkerPickResult.swift */,
				7DB181521E81B73A001F9B49 /* SearchDataConverterTests.swift */,
				7DB181541E81B745001F9B49 /* SearchDataObjectsTests.swift */,
				7DB181561E81B77B001F9B49 /* SearchResponseTests.swift */,
				7D4122731E84834C009520B7 /* SearchConfigsTests.swift */,
				7D5616DC1E8AD01100D95E5D /* MapzenSearchTests.swift */,
				7DDF87581E8368F8001B01A8 /* MarkerTests.swift */,
				7DCA98B41E8F11C6006B7F65 /* UIColorExtensionsTests.swift */,
			);
			path = "ios-sdkTests";
			sourceTree = "<group>";
		};
		DBC84EA51C985B6D00EE80D8 /* src */ = {
			isa = PBXGroup;
			children = (
				7D5616D81E89C8B600D95E5D /* MapzenSearch.swift */,
				7DB1813E1E81B472001F9B49 /* SearchDataConverter.swift */,
				7DB1813F1E81B472001F9B49 /* SearchDataObjects.swift */,
				7D7847231E6775EA000D56CA /* dimensions */,
				DBC869911D3663C700DDC4FE /* PeliasMapkitExtensions.swift */,
				DB70FEA81DE3425800249509 /* MZMapViewController.swift */,
				DB5B31501DE4A173005EB816 /* LocationManager.swift */,
				DBFB759E1E2046D100CF6173 /* TangramExtensions.swift */,
				DB188EE91E2846600054DEFD /* MapzenManager.swift */,
				DB188EED1E290D310054DEFD /* RoutingController.swift */,
				7D2FB7661E6103D500CB82CF /* DictionaryExtensions.swift */,
				7D7DAE201E60EEA300FFCA6F /* ApplicationExtensions.swift */,
				7DC7F0991E7204BE009E722B /* MapzenManagerExtensions.swift */,
				7DB181481E81B681001F9B49 /* SearchResponse.swift */,
				7D4122711E84621A009520B7 /* SearchConfigs.swift */,
				7DB181581E831414001F9B49 /* Marker.swift */,
				7DDF87541E832F38001B01A8 /* UIColorExtensions.swift */,
				7DA1A5101EA535E600255B14 /* BundleExtensions.swift */,
			);
			path = src;
			sourceTree = "<group>";
		};
/* End PBXGroup section */

/* Begin PBXNativeTarget section */
		DB7A33D31C8F8E8B009CC743 /* ios-sdk */ = {
			isa = PBXNativeTarget;
			buildConfigurationList = DB7A33F11C8F8E8B009CC743 /* Build configuration list for PBXNativeTarget "ios-sdk" */;
			buildPhases = (
				AC3A5700437670DDDF710855 /* [CP] Check Pods Manifest.lock */,
				DB7A33D01C8F8E8B009CC743 /* Sources */,
				DB7A33D11C8F8E8B009CC743 /* Frameworks */,
				DB7A33D21C8F8E8B009CC743 /* Resources */,
				191580EBEEB1CBE8776858D7 /* [CP] Embed Pods Frameworks */,
				9ED767F151C3E563270C40FC /* [CP] Copy Pods Resources */,
				7D9EBCD31E6E0BA500303E1B /* CopyFiles */,
			);
			buildRules = (
			);
			dependencies = (
			);
			name = "ios-sdk";
			productName = "ios-sdk";
			productReference = DB7A33D41C8F8E8B009CC743 /* ios-sdk.app */;
			productType = "com.apple.product-type.application";
		};
		DB7A33E71C8F8E8B009CC743 /* ios-sdkTests */ = {
			isa = PBXNativeTarget;
			buildConfigurationList = DB7A33F41C8F8E8B009CC743 /* Build configuration list for PBXNativeTarget "ios-sdkTests" */;
			buildPhases = (
				5BB8F240879F6DFA4F2E061C /* [CP] Check Pods Manifest.lock */,
				DB7A33E41C8F8E8B009CC743 /* Sources */,
				DB7A33E51C8F8E8B009CC743 /* Frameworks */,
				DB7A33E61C8F8E8B009CC743 /* Resources */,
				46EC3F10C3789CA26CDF6091 /* [CP] Embed Pods Frameworks */,
				ECB4BF4821DF7CEE3474E821 /* [CP] Copy Pods Resources */,
			);
			buildRules = (
			);
			dependencies = (
				DB7A33EA1C8F8E8B009CC743 /* PBXTargetDependency */,
			);
			name = "ios-sdkTests";
			productName = "ios-sdkTests";
			productReference = DB7A33E81C8F8E8B009CC743 /* ios-sdkTests.xctest */;
			productType = "com.apple.product-type.bundle.unit-test";
		};
/* End PBXNativeTarget section */

/* Begin PBXProject section */
		DB7A33CC1C8F8E8B009CC743 /* Project object */ = {
			isa = PBXProject;
			attributes = {
				LastSwiftUpdateCheck = 0730;
				LastUpgradeCheck = 0820;
				ORGANIZATIONNAME = Mapzen;
				TargetAttributes = {
					DB7A33D31C8F8E8B009CC743 = {
						CreatedOnToolsVersion = 7.2.1;
						DevelopmentTeam = LTQC954SPQ;
						LastSwiftMigration = 0820;
						ProvisioningStyle = Manual;
					};
					DB7A33E71C8F8E8B009CC743 = {
						CreatedOnToolsVersion = 7.2.1;
						DevelopmentTeam = LTQC954SPQ;
						LastSwiftMigration = 0820;
						TestTargetID = DB7A33D31C8F8E8B009CC743;
					};
				};
			};
			buildConfigurationList = DB7A33CF1C8F8E8B009CC743 /* Build configuration list for PBXProject "ios-sdk" */;
			compatibilityVersion = "Xcode 3.2";
			developmentRegion = English;
			hasScannedForEncodings = 0;
			knownRegions = (
				en,
				Base,
			);
			mainGroup = DB7A33CB1C8F8E8B009CC743;
			productRefGroup = DB7A33D51C8F8E8B009CC743 /* Products */;
			projectDirPath = "";
			projectRoot = "";
			targets = (
				DB7A33D31C8F8E8B009CC743 /* ios-sdk */,
				DB7A33E71C8F8E8B009CC743 /* ios-sdkTests */,
			);
		};
/* End PBXProject section */

/* Begin PBXResourcesBuildPhase section */
		DB7A33D21C8F8E8B009CC743 /* Resources */ = {
			isa = PBXResourcesBuildPhase;
			buildActionMask = 2147483647;
			files = (
				DB7A33E21C8F8E8B009CC743 /* LaunchScreen.storyboard in Resources */,
				DB6A3F7C1DFF4EA300FBE6B6 /* ic_find_me_normal.png in Resources */,
				DB6A3F7F1DFF4EA300FBE6B6 /* ic_find_me_pressed@3x.png in Resources */,
				DB7A33DF1C8F8E8B009CC743 /* Assets.xcassets in Resources */,
				7D9EBCBD1E6DFBAF00303E1B /* walkabout-style-more-labels.yaml in Resources */,
				7D9EBCA11E6DFBAF00303E1B /* refill-style-more-labels.yaml in Resources */,
				DB366BDF1DF8BE090045C15F /* ic_find_me_normal@2x.png in Resources */,
				DB7A33DD1C8F8E8B009CC743 /* Main.storyboard in Resources */,
				DB6A3F7D1DFF4EA300FBE6B6 /* ic_find_me_normal@3x.png in Resources */,
				7D9EBC781E6DFBAF00303E1B /* cinnabar-style-more-labels.yaml in Resources */,
				7D9EBCD21E6DFBAF00303E1B /* zinc-style-more-labels.yaml in Resources */,
				7D9EBC5E1E6DFBAF00303E1B /* bubble-wrap-style-more-labels.yaml in Resources */,
				DB6A3F7E1DFF4EA300FBE6B6 /* ic_find_me_pressed.png in Resources */,
				DBF5221D1DFB4752009D8F1E /* ic_find_me_pressed@2x.png in Resources */,
			);
			runOnlyForDeploymentPostprocessing = 0;
		};
		DB7A33E61C8F8E8B009CC743 /* Resources */ = {
			isa = PBXResourcesBuildPhase;
			buildActionMask = 2147483647;
			files = (
			);
			runOnlyForDeploymentPostprocessing = 0;
		};
/* End PBXResourcesBuildPhase section */

/* Begin PBXShellScriptBuildPhase section */
		191580EBEEB1CBE8776858D7 /* [CP] Embed Pods Frameworks */ = {
			isa = PBXShellScriptBuildPhase;
			buildActionMask = 2147483647;
			files = (
			);
			inputPaths = (
			);
			name = "[CP] Embed Pods Frameworks";
			outputPaths = (
			);
			runOnlyForDeploymentPostprocessing = 0;
			shellPath = /bin/sh;
			shellScript = "\"${SRCROOT}/Pods/Target Support Files/Pods-ios-sdk/Pods-ios-sdk-frameworks.sh\"\n";
			showEnvVarsInLog = 0;
		};
		46EC3F10C3789CA26CDF6091 /* [CP] Embed Pods Frameworks */ = {
			isa = PBXShellScriptBuildPhase;
			buildActionMask = 2147483647;
			files = (
			);
			inputPaths = (
			);
			name = "[CP] Embed Pods Frameworks";
			outputPaths = (
			);
			runOnlyForDeploymentPostprocessing = 0;
			shellPath = /bin/sh;
			shellScript = "\"${SRCROOT}/Pods/Target Support Files/Pods-ios-sdkTests/Pods-ios-sdkTests-frameworks.sh\"\n";
			showEnvVarsInLog = 0;
		};
		5BB8F240879F6DFA4F2E061C /* [CP] Check Pods Manifest.lock */ = {
			isa = PBXShellScriptBuildPhase;
			buildActionMask = 2147483647;
			files = (
			);
			inputPaths = (
			);
			name = "[CP] Check Pods Manifest.lock";
			outputPaths = (
			);
			runOnlyForDeploymentPostprocessing = 0;
			shellPath = /bin/sh;
			shellScript = "diff \"${PODS_ROOT}/../Podfile.lock\" \"${PODS_ROOT}/Manifest.lock\" > /dev/null\nif [ $? != 0 ] ; then\n    # print error to STDERR\n    echo \"error: The sandbox is not in sync with the Podfile.lock. Run 'pod install' or update your CocoaPods installation.\" >&2\n    exit 1\nfi\n";
			showEnvVarsInLog = 0;
		};
		9ED767F151C3E563270C40FC /* [CP] Copy Pods Resources */ = {
			isa = PBXShellScriptBuildPhase;
			buildActionMask = 2147483647;
			files = (
			);
			inputPaths = (
			);
			name = "[CP] Copy Pods Resources";
			outputPaths = (
			);
			runOnlyForDeploymentPostprocessing = 0;
			shellPath = /bin/sh;
			shellScript = "\"${SRCROOT}/Pods/Target Support Files/Pods-ios-sdk/Pods-ios-sdk-resources.sh\"\n";
			showEnvVarsInLog = 0;
		};
		AC3A5700437670DDDF710855 /* [CP] Check Pods Manifest.lock */ = {
			isa = PBXShellScriptBuildPhase;
			buildActionMask = 2147483647;
			files = (
			);
			inputPaths = (
			);
			name = "[CP] Check Pods Manifest.lock";
			outputPaths = (
			);
			runOnlyForDeploymentPostprocessing = 0;
			shellPath = /bin/sh;
			shellScript = "diff \"${PODS_ROOT}/../Podfile.lock\" \"${PODS_ROOT}/Manifest.lock\" > /dev/null\nif [ $? != 0 ] ; then\n    # print error to STDERR\n    echo \"error: The sandbox is not in sync with the Podfile.lock. Run 'pod install' or update your CocoaPods installation.\" >&2\n    exit 1\nfi\n";
			showEnvVarsInLog = 0;
		};
		ECB4BF4821DF7CEE3474E821 /* [CP] Copy Pods Resources */ = {
			isa = PBXShellScriptBuildPhase;
			buildActionMask = 2147483647;
			files = (
			);
			inputPaths = (
			);
			name = "[CP] Copy Pods Resources";
			outputPaths = (
			);
			runOnlyForDeploymentPostprocessing = 0;
			shellPath = /bin/sh;
			shellScript = "\"${SRCROOT}/Pods/Target Support Files/Pods-ios-sdkTests/Pods-ios-sdkTests-resources.sh\"\n";
			showEnvVarsInLog = 0;
		};
/* End PBXShellScriptBuildPhase section */

/* Begin PBXSourcesBuildPhase section */
		DB7A33D01C8F8E8B009CC743 /* Sources */ = {
			isa = PBXSourcesBuildPhase;
			buildActionMask = 2147483647;
			files = (
				7D5616D91E89C8B600D95E5D /* MapzenSearch.swift in Sources */,
				DBFB759F1E2046D100CF6173 /* TangramExtensions.swift in Sources */,
				7DB181491E81B681001F9B49 /* SearchResponse.swift in Sources */,
				7D7DAE211E60EEA300FFCA6F /* ApplicationExtensions.swift in Sources */,
				7D7847251E6775EA000D56CA /* Dimensions.swift in Sources */,
				DB188EEA1E2846600054DEFD /* MapzenManager.swift in Sources */,
				DBF441AE1D351B0A007DEE95 /* DemoMapViewController.swift in Sources */,
				DB22E59E1DA473CA004264E0 /* DemoRouteDirectionCell.swift in Sources */,
				DB5B31511DE4A173005EB816 /* LocationManager.swift in Sources */,
				DBC869921D3663C700DDC4FE /* PeliasMapkitExtensions.swift in Sources */,
				DB188EEE1E290D310054DEFD /* RoutingController.swift in Sources */,
				DB70FEA91DE3425800249509 /* MZMapViewController.swift in Sources */,
				7D503BCC1E77457A00FDDC4F /* SampleMapViewController.swift in Sources */,
				7DB181451E81B472001F9B49 /* SearchDataObjects.swift in Sources */,
				7DC7F09A1E7204BE009E722B /* MapzenManagerExtensions.swift in Sources */,
				7DA1A5111EA535E600255B14 /* BundleExtensions.swift in Sources */,
				7DDF87551E832F38001B01A8 /* UIColorExtensions.swift in Sources */,
				7D2FB7671E6103D500CB82CF /* DictionaryExtensions.swift in Sources */,
				DB7253361E9C1FF500304516 /* DemoRouteViewController.swift in Sources */,
				DB35012A1E954A8F00FB8923 /* DemoSearchPinsViewController.swift in Sources */,
				7D503BCE1E77468B00FDDC4F /* SampleTableViewController.swift in Sources */,
				DB22E59C1DA46640004264E0 /* DemoRoutingResultTableVC.swift in Sources */,
				DBC869901D3662DD00DDC4FE /* SampleAutocompleteTableViewController.swift in Sources */,
				7D4122721E84621A009520B7 /* SearchConfigs.swift in Sources */,
				7DB181591E831414001F9B49 /* Marker.swift in Sources */,
				DB7A33D81C8F8E8B009CC743 /* AppDelegate.swift in Sources */,
				7DB181441E81B472001F9B49 /* SearchDataConverter.swift in Sources */,
				DB1201251E96B6200085C7D8 /* DemoSearchListViewController.swift in Sources */,
			);
			runOnlyForDeploymentPostprocessing = 0;
		};
		DB7A33E41C8F8E8B009CC743 /* Sources */ = {
			isa = PBXSourcesBuildPhase;
			buildActionMask = 2147483647;
			files = (
				7D7DAE1D1E60C5C900FFCA6F /* TestApplication.swift in Sources */,
				7D4122741E84834C009520B7 /* SearchConfigsTests.swift in Sources */,
				7D5616DD1E8AD01100D95E5D /* MapzenSearchTests.swift in Sources */,
				7D5616D51E89706700D95E5D /* RoutingControllerTests.swift in Sources */,
				7DC7F0941E70C26B009E722B /* TestLocationManager.swift in Sources */,
				7DC7F0981E71E138009E722B /* TestAnnotationTarget.swift in Sources */,
				7DCA98B51E8F11C6006B7F65 /* UIColorExtensionsTests.swift in Sources */,
				7DB181551E81B745001F9B49 /* SearchDataObjectsTests.swift in Sources */,
				7DF0AA2E1E5520ED00B0406E /* TestTGMapViewController.swift in Sources */,
				7DB181571E81B77B001F9B49 /* SearchResponseTests.swift in Sources */,
				7DDF87591E8368F8001B01A8 /* MarkerTests.swift in Sources */,
				DB188EEC1E28492A0054DEFD /* MapzenManagerTests.swift in Sources */,
				7DC7F09C1E72066B009E722B /* TestMapzenManager.swift in Sources */,
				7D7D49951E7709A1006074EB /* TestUrlSession.swift in Sources */,
				7D503BD01E78944300FDDC4F /* TestTGMarkerPickResult.swift in Sources */,
				7DB181531E81B73A001F9B49 /* SearchDataConverterTests.swift in Sources */,
				DBCBC5BF1E0AE1CF0045B345 /* MapViewControllerTests.swift in Sources */,
				7D2FB7691E64E66B00CB82CF /* DictionaryExtensionsTests.swift in Sources */,
				7D7D49931E7708E5006074EB /* TestSessionDataTask.swift in Sources */,
			);
			runOnlyForDeploymentPostprocessing = 0;
		};
/* End PBXSourcesBuildPhase section */

/* Begin PBXTargetDependency section */
		DB7A33EA1C8F8E8B009CC743 /* PBXTargetDependency */ = {
			isa = PBXTargetDependency;
			target = DB7A33D31C8F8E8B009CC743 /* ios-sdk */;
			targetProxy = DB7A33E91C8F8E8B009CC743 /* PBXContainerItemProxy */;
		};
/* End PBXTargetDependency section */

/* Begin PBXVariantGroup section */
		DB7A33DB1C8F8E8B009CC743 /* Main.storyboard */ = {
			isa = PBXVariantGroup;
			children = (
				DB7A33DC1C8F8E8B009CC743 /* Base */,
			);
			name = Main.storyboard;
			sourceTree = "<group>";
		};
		DB7A33E01C8F8E8B009CC743 /* LaunchScreen.storyboard */ = {
			isa = PBXVariantGroup;
			children = (
				DB7A33E11C8F8E8B009CC743 /* Base */,
			);
			name = LaunchScreen.storyboard;
			sourceTree = "<group>";
		};
/* End PBXVariantGroup section */

/* Begin XCBuildConfiguration section */
		DB7A33EF1C8F8E8B009CC743 /* Debug */ = {
			isa = XCBuildConfiguration;
			buildSettings = {
				ALWAYS_SEARCH_USER_PATHS = NO;
				CLANG_CXX_LANGUAGE_STANDARD = "gnu++0x";
				CLANG_CXX_LIBRARY = "libc++";
				CLANG_ENABLE_MODULES = YES;
				CLANG_ENABLE_OBJC_ARC = YES;
				CLANG_WARN_BOOL_CONVERSION = YES;
				CLANG_WARN_CONSTANT_CONVERSION = YES;
				CLANG_WARN_DIRECT_OBJC_ISA_USAGE = YES_ERROR;
				CLANG_WARN_EMPTY_BODY = YES;
				CLANG_WARN_ENUM_CONVERSION = YES;
				CLANG_WARN_INFINITE_RECURSION = YES;
				CLANG_WARN_INT_CONVERSION = YES;
				CLANG_WARN_OBJC_ROOT_CLASS = YES_ERROR;
				CLANG_WARN_SUSPICIOUS_MOVE = YES;
				CLANG_WARN_UNREACHABLE_CODE = YES;
				CLANG_WARN__DUPLICATE_METHOD_MATCH = YES;
				"CODE_SIGN_IDENTITY[sdk=iphoneos*]" = "iPhone Developer";
				COPY_PHASE_STRIP = NO;
				DEBUG_INFORMATION_FORMAT = dwarf;
				ENABLE_STRICT_OBJC_MSGSEND = YES;
				ENABLE_TESTABILITY = YES;
				GCC_C_LANGUAGE_STANDARD = gnu99;
				GCC_DYNAMIC_NO_PIC = NO;
				GCC_NO_COMMON_BLOCKS = YES;
				GCC_OPTIMIZATION_LEVEL = 0;
				GCC_PREPROCESSOR_DEFINITIONS = (
					"DEBUG=1",
					"$(inherited)",
				);
				GCC_WARN_64_TO_32_BIT_CONVERSION = YES;
				GCC_WARN_ABOUT_RETURN_TYPE = YES_ERROR;
				GCC_WARN_UNDECLARED_SELECTOR = YES;
				GCC_WARN_UNINITIALIZED_AUTOS = YES_AGGRESSIVE;
				GCC_WARN_UNUSED_FUNCTION = YES;
				GCC_WARN_UNUSED_VARIABLE = YES;
				IPHONEOS_DEPLOYMENT_TARGET = 9.3;
				MTL_ENABLE_DEBUG_INFO = YES;
				ONLY_ACTIVE_ARCH = YES;
				SDKROOT = iphoneos;
				SWIFT_OPTIMIZATION_LEVEL = "-Onone";
				TARGETED_DEVICE_FAMILY = "1,2";
			};
			name = Debug;
		};
		DB7A33F01C8F8E8B009CC743 /* Release */ = {
			isa = XCBuildConfiguration;
			buildSettings = {
				ALWAYS_SEARCH_USER_PATHS = NO;
				CLANG_CXX_LANGUAGE_STANDARD = "gnu++0x";
				CLANG_CXX_LIBRARY = "libc++";
				CLANG_ENABLE_MODULES = YES;
				CLANG_ENABLE_OBJC_ARC = YES;
				CLANG_WARN_BOOL_CONVERSION = YES;
				CLANG_WARN_CONSTANT_CONVERSION = YES;
				CLANG_WARN_DIRECT_OBJC_ISA_USAGE = YES_ERROR;
				CLANG_WARN_EMPTY_BODY = YES;
				CLANG_WARN_ENUM_CONVERSION = YES;
				CLANG_WARN_INFINITE_RECURSION = YES;
				CLANG_WARN_INT_CONVERSION = YES;
				CLANG_WARN_OBJC_ROOT_CLASS = YES_ERROR;
				CLANG_WARN_SUSPICIOUS_MOVE = YES;
				CLANG_WARN_UNREACHABLE_CODE = YES;
				CLANG_WARN__DUPLICATE_METHOD_MATCH = YES;
				"CODE_SIGN_IDENTITY[sdk=iphoneos*]" = "";
				COPY_PHASE_STRIP = NO;
				DEBUG_INFORMATION_FORMAT = "dwarf-with-dsym";
				ENABLE_NS_ASSERTIONS = NO;
				ENABLE_STRICT_OBJC_MSGSEND = YES;
				GCC_C_LANGUAGE_STANDARD = gnu99;
				GCC_NO_COMMON_BLOCKS = YES;
				GCC_WARN_64_TO_32_BIT_CONVERSION = YES;
				GCC_WARN_ABOUT_RETURN_TYPE = YES_ERROR;
				GCC_WARN_UNDECLARED_SELECTOR = YES;
				GCC_WARN_UNINITIALIZED_AUTOS = YES_AGGRESSIVE;
				GCC_WARN_UNUSED_FUNCTION = YES;
				GCC_WARN_UNUSED_VARIABLE = YES;
				IPHONEOS_DEPLOYMENT_TARGET = 9.3;
				MTL_ENABLE_DEBUG_INFO = NO;
				SDKROOT = iphoneos;
				SWIFT_OPTIMIZATION_LEVEL = "-Owholemodule";
				TARGETED_DEVICE_FAMILY = "1,2";
				VALIDATE_PRODUCT = YES;
			};
			name = Release;
		};
		DB7A33F21C8F8E8B009CC743 /* Debug */ = {
			isa = XCBuildConfiguration;
			baseConfigurationReference = B96DEBA552AA3AAEA9CDF6F4 /* Pods-ios-sdk.debug.xcconfig */;
			buildSettings = {
				ALWAYS_EMBED_SWIFT_STANDARD_LIBRARIES = YES;
				ASSETCATALOG_COMPILER_APPICON_NAME = AppIcon;
				CLANG_ENABLE_MODULES = YES;
				"CODE_SIGN_IDENTITY[sdk=iphoneos*]" = "iPhone Developer";
				DEFINES_MODULE = YES;
				DEVELOPMENT_TEAM = LTQC954SPQ;
				ENABLE_BITCODE = NO;
				FRAMEWORK_SEARCH_PATHS = (
					"$(inherited)",
					"$(PROJECT_DIR)/src",
					"$(PROJECT_DIR)/tangram",
				);
				INFOPLIST_FILE = SampleApp/Info.plist;
				LD_RUNPATH_SEARCH_PATHS = "$(inherited) @executable_path/Frameworks";
				OTHER_LDFLAGS = (
					"$(inherited)",
					"-framework",
					"\"Pelias\"",
					"-ObjC",
				);
				PRODUCT_BUNDLE_IDENTIFIER = "com.mapzen.ios-sdk";
				PRODUCT_NAME = "$(TARGET_NAME)";
				PROVISIONING_PROFILE = "bc407523-ce0f-4016-b774-3b8f545e2b71";
				PROVISIONING_PROFILE_SPECIFIER = "Mapzen Wildcard - Dev";
				SWIFT_OBJC_BRIDGING_HEADER = "";
				SWIFT_VERSION = 3.0;
			};
			name = Debug;
		};
		DB7A33F31C8F8E8B009CC743 /* Release */ = {
			isa = XCBuildConfiguration;
			baseConfigurationReference = 0A9FDCBA6C81C063BED6CDFF /* Pods-ios-sdk.release.xcconfig */;
			buildSettings = {
				ALWAYS_EMBED_SWIFT_STANDARD_LIBRARIES = YES;
				ASSETCATALOG_COMPILER_APPICON_NAME = AppIcon;
				CLANG_ENABLE_MODULES = YES;
				"CODE_SIGN_IDENTITY[sdk=iphoneos*]" = "iPhone Distribution";
				DEFINES_MODULE = YES;
				DEVELOPMENT_TEAM = LTQC954SPQ;
				ENABLE_BITCODE = NO;
				FRAMEWORK_SEARCH_PATHS = (
					"$(inherited)",
					"$(PROJECT_DIR)/ios-sdk/src",
					"$(PROJECT_DIR)/tangram",
				);
				INFOPLIST_FILE = SampleApp/Info.plist;
				LD_RUNPATH_SEARCH_PATHS = "$(inherited) @executable_path/Frameworks";
				OTHER_LDFLAGS = (
					"$(inherited)",
					"-framework",
					"\"Pelias\"",
					"-ObjC",
				);
				PRODUCT_BUNDLE_IDENTIFIER = "com.mapzen.ios-sdk";
				PRODUCT_NAME = "$(TARGET_NAME)";
				PROVISIONING_PROFILE = "5055cd38-de23-45b5-b368-354456b09bd2";
				PROVISIONING_PROFILE_SPECIFIER = "Mapzen Wildcard";
				SWIFT_OBJC_BRIDGING_HEADER = "";
				SWIFT_VERSION = 3.0;
			};
			name = Release;
		};
		DB7A33F51C8F8E8B009CC743 /* Debug */ = {
			isa = XCBuildConfiguration;
			baseConfigurationReference = EEFF8429A821CE3BB0733D53 /* Pods-ios-sdkTests.debug.xcconfig */;
			buildSettings = {
				ALWAYS_EMBED_SWIFT_STANDARD_LIBRARIES = YES;
				BUNDLE_LOADER = "$(TEST_HOST)";
				DEVELOPMENT_TEAM = LTQC954SPQ;
				INFOPLIST_FILE = "ios-sdkTests/Info.plist";
				LD_RUNPATH_SEARCH_PATHS = "$(inherited) @executable_path/Frameworks @loader_path/Frameworks";
				PRODUCT_BUNDLE_IDENTIFIER = "com.mapzen.ios-sdkTests";
				PRODUCT_NAME = "$(TARGET_NAME)";
				SWIFT_VERSION = 3.0;
				TEST_HOST = "$(BUILT_PRODUCTS_DIR)/ios-sdk.app/ios-sdk";
			};
			name = Debug;
		};
		DB7A33F61C8F8E8B009CC743 /* Release */ = {
			isa = XCBuildConfiguration;
			baseConfigurationReference = A8BB69C349D7314906580508 /* Pods-ios-sdkTests.release.xcconfig */;
			buildSettings = {
				ALWAYS_EMBED_SWIFT_STANDARD_LIBRARIES = YES;
				BUNDLE_LOADER = "$(TEST_HOST)";
				DEVELOPMENT_TEAM = LTQC954SPQ;
				INFOPLIST_FILE = "ios-sdkTests/Info.plist";
				LD_RUNPATH_SEARCH_PATHS = "$(inherited) @executable_path/Frameworks @loader_path/Frameworks";
				PRODUCT_BUNDLE_IDENTIFIER = "com.mapzen.ios-sdkTests";
				PRODUCT_NAME = "$(TARGET_NAME)";
				SWIFT_VERSION = 3.0;
				TEST_HOST = "$(BUILT_PRODUCTS_DIR)/ios-sdk.app/ios-sdk";
			};
			name = Release;
		};
/* End XCBuildConfiguration section */

/* Begin XCConfigurationList section */
		DB7A33CF1C8F8E8B009CC743 /* Build configuration list for PBXProject "ios-sdk" */ = {
			isa = XCConfigurationList;
			buildConfigurations = (
				DB7A33EF1C8F8E8B009CC743 /* Debug */,
				DB7A33F01C8F8E8B009CC743 /* Release */,
			);
			defaultConfigurationIsVisible = 0;
			defaultConfigurationName = Release;
		};
		DB7A33F11C8F8E8B009CC743 /* Build configuration list for PBXNativeTarget "ios-sdk" */ = {
			isa = XCConfigurationList;
			buildConfigurations = (
				DB7A33F21C8F8E8B009CC743 /* Debug */,
				DB7A33F31C8F8E8B009CC743 /* Release */,
			);
			defaultConfigurationIsVisible = 0;
			defaultConfigurationName = Release;
		};
		DB7A33F41C8F8E8B009CC743 /* Build configuration list for PBXNativeTarget "ios-sdkTests" */ = {
			isa = XCConfigurationList;
			buildConfigurations = (
				DB7A33F51C8F8E8B009CC743 /* Debug */,
				DB7A33F61C8F8E8B009CC743 /* Release */,
			);
			defaultConfigurationIsVisible = 0;
			defaultConfigurationName = Release;
		};
/* End XCConfigurationList section */
	};
	rootObject = DB7A33CC1C8F8E8B009CC743 /* Project object */;
}
