// !$*UTF8*$!
{
	archiveVersion = 1;
	classes = {
	};
	objectVersion = 46;
	objects = {

/* Begin PBXBuildFile section */
		22B2883B1C846D4C65BBE914 /* Pods_SampleApp_ObjcTests.framework in Frameworks */ = {isa = PBXBuildFile; fileRef = ABDD347D603C2CCE824849FD /* Pods_SampleApp_ObjcTests.framework */; };
		5BB1A61A6A1B20597B8B4286 /* Pods_MapzenSDK.framework in Frameworks */ = {isa = PBXBuildFile; fileRef = 04E4AC0993E5EBFAAC2141F1 /* Pods_MapzenSDK.framework */; };
		7D4639F11EB115280074BEC5 /* MapzenSDK.framework in Frameworks */ = {isa = PBXBuildFile; fileRef = 7D4639E81EB115280074BEC5 /* MapzenSDK.framework */; };
		7D463A191EB135460074BEC5 /* ApplicationExtensions.swift in Sources */ = {isa = PBXBuildFile; fileRef = 7D463A061EB135460074BEC5 /* ApplicationExtensions.swift */; };
		7D463A1A1EB135460074BEC5 /* BundleExtensions.swift in Sources */ = {isa = PBXBuildFile; fileRef = 7D463A071EB135460074BEC5 /* BundleExtensions.swift */; };
		7D463A1B1EB135460074BEC5 /* DictionaryExtensions.swift in Sources */ = {isa = PBXBuildFile; fileRef = 7D463A081EB135460074BEC5 /* DictionaryExtensions.swift */; };
		7D463A1C1EB135460074BEC5 /* Dimensions.swift in Sources */ = {isa = PBXBuildFile; fileRef = 7D463A0A1EB135460074BEC5 /* Dimensions.swift */; };
		7D463A1E1EB135460074BEC5 /* MapzenManager.swift in Sources */ = {isa = PBXBuildFile; fileRef = 7D463A0C1EB135460074BEC5 /* MapzenManager.swift */; };
		7D463A1F1EB135460074BEC5 /* MapzenManagerExtensions.swift in Sources */ = {isa = PBXBuildFile; fileRef = 7D463A0D1EB135460074BEC5 /* MapzenManagerExtensions.swift */; };
		7D463A201EB135460074BEC5 /* MapzenSearch.swift in Sources */ = {isa = PBXBuildFile; fileRef = 7D463A0E1EB135460074BEC5 /* MapzenSearch.swift */; };
		7D463A211EB135460074BEC5 /* Marker.swift in Sources */ = {isa = PBXBuildFile; fileRef = 7D463A0F1EB135460074BEC5 /* Marker.swift */; };
		7D463A221EB135460074BEC5 /* MZMapViewController.swift in Sources */ = {isa = PBXBuildFile; fileRef = 7D463A101EB135460074BEC5 /* MZMapViewController.swift */; };
		7D463A231EB135460074BEC5 /* PeliasMapkitExtensions.swift in Sources */ = {isa = PBXBuildFile; fileRef = 7D463A111EB135460074BEC5 /* PeliasMapkitExtensions.swift */; };
		7D463A241EB135460074BEC5 /* RoutingController.swift in Sources */ = {isa = PBXBuildFile; fileRef = 7D463A121EB135460074BEC5 /* RoutingController.swift */; };
		7D463A251EB135460074BEC5 /* SearchConfigs.swift in Sources */ = {isa = PBXBuildFile; fileRef = 7D463A131EB135460074BEC5 /* SearchConfigs.swift */; };
		7D463A261EB135460074BEC5 /* SearchDataConverter.swift in Sources */ = {isa = PBXBuildFile; fileRef = 7D463A141EB135460074BEC5 /* SearchDataConverter.swift */; };
		7D463A271EB135460074BEC5 /* SearchDataObjects.swift in Sources */ = {isa = PBXBuildFile; fileRef = 7D463A151EB135460074BEC5 /* SearchDataObjects.swift */; };
		7D463A281EB135460074BEC5 /* SearchResponse.swift in Sources */ = {isa = PBXBuildFile; fileRef = 7D463A161EB135460074BEC5 /* SearchResponse.swift */; };
		7D463A291EB135460074BEC5 /* TangramExtensions.swift in Sources */ = {isa = PBXBuildFile; fileRef = 7D463A171EB135460074BEC5 /* TangramExtensions.swift */; };
		7D463A2A1EB135460074BEC5 /* UIColorExtensions.swift in Sources */ = {isa = PBXBuildFile; fileRef = 7D463A181EB135460074BEC5 /* UIColorExtensions.swift */; };
		7D463A2C1EB135610074BEC5 /* housestyles.bundle in Resources */ = {isa = PBXBuildFile; fileRef = 7D463A2B1EB135610074BEC5 /* housestyles.bundle */; };
		7D463A421EB1357B0074BEC5 /* DictionaryExtensionsTests.swift in Sources */ = {isa = PBXBuildFile; fileRef = 7D463A2F1EB1357B0074BEC5 /* DictionaryExtensionsTests.swift */; };
		7D463A431EB1357B0074BEC5 /* MapViewControllerTests.swift in Sources */ = {isa = PBXBuildFile; fileRef = 7D463A301EB1357B0074BEC5 /* MapViewControllerTests.swift */; };
		7D463A441EB1357B0074BEC5 /* MapzenManagerTests.swift in Sources */ = {isa = PBXBuildFile; fileRef = 7D463A311EB1357B0074BEC5 /* MapzenManagerTests.swift */; };
		7D463A451EB1357B0074BEC5 /* MapzenSearchTests.swift in Sources */ = {isa = PBXBuildFile; fileRef = 7D463A321EB1357B0074BEC5 /* MapzenSearchTests.swift */; };
		7D463A461EB1357B0074BEC5 /* MarkerTests.swift in Sources */ = {isa = PBXBuildFile; fileRef = 7D463A331EB1357B0074BEC5 /* MarkerTests.swift */; };
		7D463A471EB1357B0074BEC5 /* RoutingControllerTests.swift in Sources */ = {isa = PBXBuildFile; fileRef = 7D463A341EB1357B0074BEC5 /* RoutingControllerTests.swift */; };
		7D463A481EB1357B0074BEC5 /* SearchConfigsTests.swift in Sources */ = {isa = PBXBuildFile; fileRef = 7D463A351EB1357B0074BEC5 /* SearchConfigsTests.swift */; };
		7D463A491EB1357B0074BEC5 /* SearchDataConverterTests.swift in Sources */ = {isa = PBXBuildFile; fileRef = 7D463A361EB1357B0074BEC5 /* SearchDataConverterTests.swift */; };
		7D463A4A1EB1357B0074BEC5 /* SearchDataObjectsTests.swift in Sources */ = {isa = PBXBuildFile; fileRef = 7D463A371EB1357B0074BEC5 /* SearchDataObjectsTests.swift */; };
		7D463A4B1EB1357B0074BEC5 /* SearchResponseTests.swift in Sources */ = {isa = PBXBuildFile; fileRef = 7D463A381EB1357B0074BEC5 /* SearchResponseTests.swift */; };
		7D463A4C1EB1357B0074BEC5 /* TestAnnotationTarget.swift in Sources */ = {isa = PBXBuildFile; fileRef = 7D463A391EB1357B0074BEC5 /* TestAnnotationTarget.swift */; };
		7D463A4D1EB1357B0074BEC5 /* TestApplication.swift in Sources */ = {isa = PBXBuildFile; fileRef = 7D463A3A1EB1357B0074BEC5 /* TestApplication.swift */; };
		7D463A4E1EB1357B0074BEC5 /* TestLocationManager.swift in Sources */ = {isa = PBXBuildFile; fileRef = 7D463A3B1EB1357B0074BEC5 /* TestLocationManager.swift */; };
		7D463A4F1EB1357B0074BEC5 /* TestMapzenManager.swift in Sources */ = {isa = PBXBuildFile; fileRef = 7D463A3C1EB1357B0074BEC5 /* TestMapzenManager.swift */; };
		7D463A501EB1357B0074BEC5 /* TestSessionDataTask.swift in Sources */ = {isa = PBXBuildFile; fileRef = 7D463A3D1EB1357B0074BEC5 /* TestSessionDataTask.swift */; };
		7D463A511EB1357B0074BEC5 /* TestTGMapViewController.swift in Sources */ = {isa = PBXBuildFile; fileRef = 7D463A3E1EB1357B0074BEC5 /* TestTGMapViewController.swift */; };
		7D463A521EB1357B0074BEC5 /* TestTGMarkerPickResult.swift in Sources */ = {isa = PBXBuildFile; fileRef = 7D463A3F1EB1357B0074BEC5 /* TestTGMarkerPickResult.swift */; };
		7D463A531EB1357B0074BEC5 /* TestUrlSession.swift in Sources */ = {isa = PBXBuildFile; fileRef = 7D463A401EB1357B0074BEC5 /* TestUrlSession.swift */; };
		7D463A541EB1357B0074BEC5 /* UIColorExtensionsTests.swift in Sources */ = {isa = PBXBuildFile; fileRef = 7D463A411EB1357B0074BEC5 /* UIColorExtensionsTests.swift */; };
		7D463A5C1EB143220074BEC5 /* ic_find_me_normal.png in Resources */ = {isa = PBXBuildFile; fileRef = 7D463A561EB143220074BEC5 /* ic_find_me_normal.png */; };
		7D463A5D1EB143220074BEC5 /* ic_find_me_normal@2x.png in Resources */ = {isa = PBXBuildFile; fileRef = 7D463A571EB143220074BEC5 /* ic_find_me_normal@2x.png */; };
		7D463A5E1EB143220074BEC5 /* ic_find_me_normal@3x.png in Resources */ = {isa = PBXBuildFile; fileRef = 7D463A581EB143220074BEC5 /* ic_find_me_normal@3x.png */; };
		7D463A5F1EB143220074BEC5 /* ic_find_me_pressed.png in Resources */ = {isa = PBXBuildFile; fileRef = 7D463A591EB143220074BEC5 /* ic_find_me_pressed.png */; };
		7D463A601EB143220074BEC5 /* ic_find_me_pressed@2x.png in Resources */ = {isa = PBXBuildFile; fileRef = 7D463A5A1EB143220074BEC5 /* ic_find_me_pressed@2x.png */; };
		7D463A611EB143220074BEC5 /* ic_find_me_pressed@3x.png in Resources */ = {isa = PBXBuildFile; fileRef = 7D463A5B1EB143220074BEC5 /* ic_find_me_pressed@3x.png */; };
		7D503BCC1E77457A00FDDC4F /* SampleMapViewController.swift in Sources */ = {isa = PBXBuildFile; fileRef = 7D503BCB1E77457A00FDDC4F /* SampleMapViewController.swift */; };
		7D503BCE1E77468B00FDDC4F /* SampleTableViewController.swift in Sources */ = {isa = PBXBuildFile; fileRef = 7D503BCD1E77468B00FDDC4F /* SampleTableViewController.swift */; };
		814B721477E03B65EF2C60E7 /* Pods_MapzenSDKTests.framework in Frameworks */ = {isa = PBXBuildFile; fileRef = 34105AA3EE25DC0CCB8D0111 /* Pods_MapzenSDKTests.framework */; };
		AC586709D7E7D4C22AA9474D /* Pods_ios_sdk.framework in Frameworks */ = {isa = PBXBuildFile; fileRef = 99B3EC60450343448FA4E699 /* Pods_ios_sdk.framework */; };
		DB1201251E96B6200085C7D8 /* DemoSearchListViewController.swift in Sources */ = {isa = PBXBuildFile; fileRef = DB1201241E96B6200085C7D8 /* DemoSearchListViewController.swift */; };
		DB22E59C1DA46640004264E0 /* DemoRoutingResultTableVC.swift in Sources */ = {isa = PBXBuildFile; fileRef = DB22E59B1DA46640004264E0 /* DemoRoutingResultTableVC.swift */; };
		DB22E59E1DA473CA004264E0 /* DemoRouteDirectionCell.swift in Sources */ = {isa = PBXBuildFile; fileRef = DB22E59D1DA473CA004264E0 /* DemoRouteDirectionCell.swift */; };
		DB2752F71EFC6F2900CD31B0 /* OpenGLES.framework in Frameworks */ = {isa = PBXBuildFile; fileRef = DB2752F61EFC6F2900CD31B0 /* OpenGLES.framework */; };
		DB35012A1E954A8F00FB8923 /* DemoSearchPinsViewController.swift in Sources */ = {isa = PBXBuildFile; fileRef = DB3501291E954A8F00FB8923 /* DemoSearchPinsViewController.swift */; };
		DB7253361E9C1FF500304516 /* DemoRouteViewController.swift in Sources */ = {isa = PBXBuildFile; fileRef = DB7253351E9C1FF500304516 /* DemoRouteViewController.swift */; };
		DB7A33D81C8F8E8B009CC743 /* AppDelegate.swift in Sources */ = {isa = PBXBuildFile; fileRef = DB7A33D71C8F8E8B009CC743 /* AppDelegate.swift */; };
		DB7A33DD1C8F8E8B009CC743 /* Main.storyboard in Resources */ = {isa = PBXBuildFile; fileRef = DB7A33DB1C8F8E8B009CC743 /* Main.storyboard */; };
		DB7A33DF1C8F8E8B009CC743 /* Assets.xcassets in Resources */ = {isa = PBXBuildFile; fileRef = DB7A33DE1C8F8E8B009CC743 /* Assets.xcassets */; };
		DB7A33E21C8F8E8B009CC743 /* LaunchScreen.storyboard in Resources */ = {isa = PBXBuildFile; fileRef = DB7A33E01C8F8E8B009CC743 /* LaunchScreen.storyboard */; };
		DBA4B4BB1ED75D2F0010FDDB /* main.m in Sources */ = {isa = PBXBuildFile; fileRef = DBA4B4BA1ED75D2F0010FDDB /* main.m */; };
		DBA4B4BE1ED75D2F0010FDDB /* AppDelegate.m in Sources */ = {isa = PBXBuildFile; fileRef = DBA4B4BD1ED75D2F0010FDDB /* AppDelegate.m */; };
		DBA4B4C11ED75D2F0010FDDB /* ViewController.m in Sources */ = {isa = PBXBuildFile; fileRef = DBA4B4C01ED75D2F0010FDDB /* ViewController.m */; };
		DBA4B4C41ED75D2F0010FDDB /* Main.storyboard in Resources */ = {isa = PBXBuildFile; fileRef = DBA4B4C21ED75D2F0010FDDB /* Main.storyboard */; };
		DBA4B4C61ED75D2F0010FDDB /* Assets.xcassets in Resources */ = {isa = PBXBuildFile; fileRef = DBA4B4C51ED75D2F0010FDDB /* Assets.xcassets */; };
		DBA4B4C91ED75D2F0010FDDB /* LaunchScreen.storyboard in Resources */ = {isa = PBXBuildFile; fileRef = DBA4B4C71ED75D2F0010FDDB /* LaunchScreen.storyboard */; };
		DBA4B4D41ED75D2F0010FDDB /* SampleApp_ObjcTests.m in Sources */ = {isa = PBXBuildFile; fileRef = DBA4B4D31ED75D2F0010FDDB /* SampleApp_ObjcTests.m */; };
		DBC869901D3662DD00DDC4FE /* SampleAutocompleteTableViewController.swift in Sources */ = {isa = PBXBuildFile; fileRef = DBC8698F1D3662DD00DDC4FE /* SampleAutocompleteTableViewController.swift */; };
		DBEF2B141EC3B99A00D19B62 /* LocationManager.swift in Sources */ = {isa = PBXBuildFile; fileRef = 7D463A0B1EB135460074BEC5 /* LocationManager.swift */; };
		DBF441AE1D351B0A007DEE95 /* DemoMapViewController.swift in Sources */ = {isa = PBXBuildFile; fileRef = DBF441AD1D351B0A007DEE95 /* DemoMapViewController.swift */; };
		DBF441B01D351C90007DEE95 /* GLKit.framework in Frameworks */ = {isa = PBXBuildFile; fileRef = DBF441AF1D351C90007DEE95 /* GLKit.framework */; };
		F22D6B60CD31C9A3FDA86E61 /* Pods_SampleApp_Objc.framework in Frameworks */ = {isa = PBXBuildFile; fileRef = 21AEB2E55668201759109460 /* Pods_SampleApp_Objc.framework */; };
/* End PBXBuildFile section */

/* Begin PBXContainerItemProxy section */
		7D4639F21EB115280074BEC5 /* PBXContainerItemProxy */ = {
			isa = PBXContainerItemProxy;
			containerPortal = DB7A33CC1C8F8E8B009CC743 /* Project object */;
			proxyType = 1;
			remoteGlobalIDString = 7D4639E71EB115270074BEC5;
			remoteInfo = MapzenSDK;
		};
		7D4639F41EB115280074BEC5 /* PBXContainerItemProxy */ = {
			isa = PBXContainerItemProxy;
			containerPortal = DB7A33CC1C8F8E8B009CC743 /* Project object */;
			proxyType = 1;
			remoteGlobalIDString = DB7A33D31C8F8E8B009CC743;
			remoteInfo = "ios-sdk";
		};
		DB7A33E91C8F8E8B009CC743 /* PBXContainerItemProxy */ = {
			isa = PBXContainerItemProxy;
			containerPortal = DB7A33CC1C8F8E8B009CC743 /* Project object */;
			proxyType = 1;
			remoteGlobalIDString = DB7A33D31C8F8E8B009CC743;
			remoteInfo = "ios-sdk";
		};
		DBA4B4D01ED75D2F0010FDDB /* PBXContainerItemProxy */ = {
			isa = PBXContainerItemProxy;
			containerPortal = DB7A33CC1C8F8E8B009CC743 /* Project object */;
			proxyType = 1;
			remoteGlobalIDString = DBA4B4B61ED75D2F0010FDDB;
			remoteInfo = "SampleApp-Objc";
		};
/* End PBXContainerItemProxy section */

/* Begin PBXCopyFilesBuildPhase section */
		7D9EBCD31E6E0BA500303E1B /* CopyFiles */ = {
			isa = PBXCopyFilesBuildPhase;
			buildActionMask = 2147483647;
			dstPath = images;
			dstSubfolderSpec = 6;
			files = (
			);
			runOnlyForDeploymentPostprocessing = 0;
		};
/* End PBXCopyFilesBuildPhase section */

/* Begin PBXFileReference section */
		04E4AC0993E5EBFAAC2141F1 /* Pods_MapzenSDK.framework */ = {isa = PBXFileReference; explicitFileType = wrapper.framework; includeInIndex = 0; path = Pods_MapzenSDK.framework; sourceTree = BUILT_PRODUCTS_DIR; };
		0A9FDCBA6C81C063BED6CDFF /* Pods-ios-sdk.release.xcconfig */ = {isa = PBXFileReference; includeInIndex = 1; lastKnownFileType = text.xcconfig; name = "Pods-ios-sdk.release.xcconfig"; path = "Pods/Target Support Files/Pods-ios-sdk/Pods-ios-sdk.release.xcconfig"; sourceTree = "<group>"; };
		21AEB2E55668201759109460 /* Pods_SampleApp_Objc.framework */ = {isa = PBXFileReference; explicitFileType = wrapper.framework; includeInIndex = 0; path = Pods_SampleApp_Objc.framework; sourceTree = BUILT_PRODUCTS_DIR; };
		2EDB307AF53EAA8E51162FE5 /* Pods-MapzenSDK.debug.xcconfig */ = {isa = PBXFileReference; includeInIndex = 1; lastKnownFileType = text.xcconfig; name = "Pods-MapzenSDK.debug.xcconfig"; path = "Pods/Target Support Files/Pods-MapzenSDK/Pods-MapzenSDK.debug.xcconfig"; sourceTree = "<group>"; };
		34105AA3EE25DC0CCB8D0111 /* Pods_MapzenSDKTests.framework */ = {isa = PBXFileReference; explicitFileType = wrapper.framework; includeInIndex = 0; path = Pods_MapzenSDKTests.framework; sourceTree = BUILT_PRODUCTS_DIR; };
		34D4552181C351DC6D5A3B4B /* Pods-SampleApp-ObjcTests.debug.xcconfig */ = {isa = PBXFileReference; includeInIndex = 1; lastKnownFileType = text.xcconfig; name = "Pods-SampleApp-ObjcTests.debug.xcconfig"; path = "Pods/Target Support Files/Pods-SampleApp-ObjcTests/Pods-SampleApp-ObjcTests.debug.xcconfig"; sourceTree = "<group>"; };
		4E8141211DDA8FE738D92C75 /* Pods-SampleApp-ObjcTests.release.xcconfig */ = {isa = PBXFileReference; includeInIndex = 1; lastKnownFileType = text.xcconfig; name = "Pods-SampleApp-ObjcTests.release.xcconfig"; path = "Pods/Target Support Files/Pods-SampleApp-ObjcTests/Pods-SampleApp-ObjcTests.release.xcconfig"; sourceTree = "<group>"; };
		5A3EA87256F2EA6D0C43260A /* Pods_ios_sdkTests.framework */ = {isa = PBXFileReference; explicitFileType = wrapper.framework; includeInIndex = 0; path = Pods_ios_sdkTests.framework; sourceTree = BUILT_PRODUCTS_DIR; };
		7D4639E81EB115280074BEC5 /* MapzenSDK.framework */ = {isa = PBXFileReference; explicitFileType = wrapper.framework; includeInIndex = 0; path = MapzenSDK.framework; sourceTree = BUILT_PRODUCTS_DIR; };
		7D4639EB1EB115280074BEC5 /* Info.plist */ = {isa = PBXFileReference; lastKnownFileType = text.plist.xml; path = Info.plist; sourceTree = "<group>"; };
		7D4639F01EB115280074BEC5 /* MapzenSDKTests.xctest */ = {isa = PBXFileReference; explicitFileType = wrapper.cfbundle; includeInIndex = 0; path = MapzenSDKTests.xctest; sourceTree = BUILT_PRODUCTS_DIR; };
		7D4639F91EB115280074BEC5 /* Info.plist */ = {isa = PBXFileReference; lastKnownFileType = text.plist.xml; path = Info.plist; sourceTree = "<group>"; };
		7D463A061EB135460074BEC5 /* ApplicationExtensions.swift */ = {isa = PBXFileReference; fileEncoding = 4; lastKnownFileType = sourcecode.swift; path = ApplicationExtensions.swift; sourceTree = "<group>"; };
		7D463A071EB135460074BEC5 /* BundleExtensions.swift */ = {isa = PBXFileReference; fileEncoding = 4; lastKnownFileType = sourcecode.swift; path = BundleExtensions.swift; sourceTree = "<group>"; };
		7D463A081EB135460074BEC5 /* DictionaryExtensions.swift */ = {isa = PBXFileReference; fileEncoding = 4; lastKnownFileType = sourcecode.swift; path = DictionaryExtensions.swift; sourceTree = "<group>"; };
		7D463A0A1EB135460074BEC5 /* Dimensions.swift */ = {isa = PBXFileReference; fileEncoding = 4; lastKnownFileType = sourcecode.swift; path = Dimensions.swift; sourceTree = "<group>"; };
		7D463A0B1EB135460074BEC5 /* LocationManager.swift */ = {isa = PBXFileReference; fileEncoding = 4; lastKnownFileType = sourcecode.swift; path = LocationManager.swift; sourceTree = "<group>"; };
		7D463A0C1EB135460074BEC5 /* MapzenManager.swift */ = {isa = PBXFileReference; fileEncoding = 4; lastKnownFileType = sourcecode.swift; path = MapzenManager.swift; sourceTree = "<group>"; };
		7D463A0D1EB135460074BEC5 /* MapzenManagerExtensions.swift */ = {isa = PBXFileReference; fileEncoding = 4; lastKnownFileType = sourcecode.swift; path = MapzenManagerExtensions.swift; sourceTree = "<group>"; };
		7D463A0E1EB135460074BEC5 /* MapzenSearch.swift */ = {isa = PBXFileReference; fileEncoding = 4; lastKnownFileType = sourcecode.swift; path = MapzenSearch.swift; sourceTree = "<group>"; };
		7D463A0F1EB135460074BEC5 /* Marker.swift */ = {isa = PBXFileReference; fileEncoding = 4; lastKnownFileType = sourcecode.swift; path = Marker.swift; sourceTree = "<group>"; };
		7D463A101EB135460074BEC5 /* MZMapViewController.swift */ = {isa = PBXFileReference; fileEncoding = 4; lastKnownFileType = sourcecode.swift; path = MZMapViewController.swift; sourceTree = "<group>"; };
		7D463A111EB135460074BEC5 /* PeliasMapkitExtensions.swift */ = {isa = PBXFileReference; fileEncoding = 4; lastKnownFileType = sourcecode.swift; path = PeliasMapkitExtensions.swift; sourceTree = "<group>"; };
		7D463A121EB135460074BEC5 /* RoutingController.swift */ = {isa = PBXFileReference; fileEncoding = 4; lastKnownFileType = sourcecode.swift; path = RoutingController.swift; sourceTree = "<group>"; };
		7D463A131EB135460074BEC5 /* SearchConfigs.swift */ = {isa = PBXFileReference; fileEncoding = 4; lastKnownFileType = sourcecode.swift; path = SearchConfigs.swift; sourceTree = "<group>"; };
		7D463A141EB135460074BEC5 /* SearchDataConverter.swift */ = {isa = PBXFileReference; fileEncoding = 4; lastKnownFileType = sourcecode.swift; path = SearchDataConverter.swift; sourceTree = "<group>"; };
		7D463A151EB135460074BEC5 /* SearchDataObjects.swift */ = {isa = PBXFileReference; fileEncoding = 4; lastKnownFileType = sourcecode.swift; path = SearchDataObjects.swift; sourceTree = "<group>"; };
		7D463A161EB135460074BEC5 /* SearchResponse.swift */ = {isa = PBXFileReference; fileEncoding = 4; lastKnownFileType = sourcecode.swift; path = SearchResponse.swift; sourceTree = "<group>"; };
		7D463A171EB135460074BEC5 /* TangramExtensions.swift */ = {isa = PBXFileReference; fileEncoding = 4; lastKnownFileType = sourcecode.swift; path = TangramExtensions.swift; sourceTree = "<group>"; };
		7D463A181EB135460074BEC5 /* UIColorExtensions.swift */ = {isa = PBXFileReference; fileEncoding = 4; lastKnownFileType = sourcecode.swift; path = UIColorExtensions.swift; sourceTree = "<group>"; };
		7D463A2B1EB135610074BEC5 /* housestyles.bundle */ = {isa = PBXFileReference; lastKnownFileType = "wrapper.plug-in"; path = housestyles.bundle; sourceTree = SOURCE_ROOT; };
		7D463A2F1EB1357B0074BEC5 /* DictionaryExtensionsTests.swift */ = {isa = PBXFileReference; fileEncoding = 4; lastKnownFileType = sourcecode.swift; path = DictionaryExtensionsTests.swift; sourceTree = "<group>"; };
		7D463A301EB1357B0074BEC5 /* MapViewControllerTests.swift */ = {isa = PBXFileReference; fileEncoding = 4; lastKnownFileType = sourcecode.swift; path = MapViewControllerTests.swift; sourceTree = "<group>"; };
		7D463A311EB1357B0074BEC5 /* MapzenManagerTests.swift */ = {isa = PBXFileReference; fileEncoding = 4; lastKnownFileType = sourcecode.swift; path = MapzenManagerTests.swift; sourceTree = "<group>"; };
		7D463A321EB1357B0074BEC5 /* MapzenSearchTests.swift */ = {isa = PBXFileReference; fileEncoding = 4; lastKnownFileType = sourcecode.swift; path = MapzenSearchTests.swift; sourceTree = "<group>"; };
		7D463A331EB1357B0074BEC5 /* MarkerTests.swift */ = {isa = PBXFileReference; fileEncoding = 4; lastKnownFileType = sourcecode.swift; path = MarkerTests.swift; sourceTree = "<group>"; };
		7D463A341EB1357B0074BEC5 /* RoutingControllerTests.swift */ = {isa = PBXFileReference; fileEncoding = 4; lastKnownFileType = sourcecode.swift; path = RoutingControllerTests.swift; sourceTree = "<group>"; };
		7D463A351EB1357B0074BEC5 /* SearchConfigsTests.swift */ = {isa = PBXFileReference; fileEncoding = 4; lastKnownFileType = sourcecode.swift; path = SearchConfigsTests.swift; sourceTree = "<group>"; };
		7D463A361EB1357B0074BEC5 /* SearchDataConverterTests.swift */ = {isa = PBXFileReference; fileEncoding = 4; lastKnownFileType = sourcecode.swift; path = SearchDataConverterTests.swift; sourceTree = "<group>"; };
		7D463A371EB1357B0074BEC5 /* SearchDataObjectsTests.swift */ = {isa = PBXFileReference; fileEncoding = 4; lastKnownFileType = sourcecode.swift; path = SearchDataObjectsTests.swift; sourceTree = "<group>"; };
		7D463A381EB1357B0074BEC5 /* SearchResponseTests.swift */ = {isa = PBXFileReference; fileEncoding = 4; lastKnownFileType = sourcecode.swift; path = SearchResponseTests.swift; sourceTree = "<group>"; };
		7D463A391EB1357B0074BEC5 /* TestAnnotationTarget.swift */ = {isa = PBXFileReference; fileEncoding = 4; lastKnownFileType = sourcecode.swift; path = TestAnnotationTarget.swift; sourceTree = "<group>"; };
		7D463A3A1EB1357B0074BEC5 /* TestApplication.swift */ = {isa = PBXFileReference; fileEncoding = 4; lastKnownFileType = sourcecode.swift; path = TestApplication.swift; sourceTree = "<group>"; };
		7D463A3B1EB1357B0074BEC5 /* TestLocationManager.swift */ = {isa = PBXFileReference; fileEncoding = 4; lastKnownFileType = sourcecode.swift; path = TestLocationManager.swift; sourceTree = "<group>"; };
		7D463A3C1EB1357B0074BEC5 /* TestMapzenManager.swift */ = {isa = PBXFileReference; fileEncoding = 4; lastKnownFileType = sourcecode.swift; path = TestMapzenManager.swift; sourceTree = "<group>"; };
		7D463A3D1EB1357B0074BEC5 /* TestSessionDataTask.swift */ = {isa = PBXFileReference; fileEncoding = 4; lastKnownFileType = sourcecode.swift; path = TestSessionDataTask.swift; sourceTree = "<group>"; };
		7D463A3E1EB1357B0074BEC5 /* TestTGMapViewController.swift */ = {isa = PBXFileReference; fileEncoding = 4; lastKnownFileType = sourcecode.swift; path = TestTGMapViewController.swift; sourceTree = "<group>"; };
		7D463A3F1EB1357B0074BEC5 /* TestTGMarkerPickResult.swift */ = {isa = PBXFileReference; fileEncoding = 4; lastKnownFileType = sourcecode.swift; path = TestTGMarkerPickResult.swift; sourceTree = "<group>"; };
		7D463A401EB1357B0074BEC5 /* TestUrlSession.swift */ = {isa = PBXFileReference; fileEncoding = 4; lastKnownFileType = sourcecode.swift; path = TestUrlSession.swift; sourceTree = "<group>"; };
		7D463A411EB1357B0074BEC5 /* UIColorExtensionsTests.swift */ = {isa = PBXFileReference; fileEncoding = 4; lastKnownFileType = sourcecode.swift; path = UIColorExtensionsTests.swift; sourceTree = "<group>"; };
		7D463A561EB143220074BEC5 /* ic_find_me_normal.png */ = {isa = PBXFileReference; lastKnownFileType = image.png; path = ic_find_me_normal.png; sourceTree = "<group>"; };
		7D463A571EB143220074BEC5 /* ic_find_me_normal@2x.png */ = {isa = PBXFileReference; lastKnownFileType = image.png; path = "ic_find_me_normal@2x.png"; sourceTree = "<group>"; };
		7D463A581EB143220074BEC5 /* ic_find_me_normal@3x.png */ = {isa = PBXFileReference; lastKnownFileType = image.png; path = "ic_find_me_normal@3x.png"; sourceTree = "<group>"; };
		7D463A591EB143220074BEC5 /* ic_find_me_pressed.png */ = {isa = PBXFileReference; lastKnownFileType = image.png; path = ic_find_me_pressed.png; sourceTree = "<group>"; };
		7D463A5A1EB143220074BEC5 /* ic_find_me_pressed@2x.png */ = {isa = PBXFileReference; lastKnownFileType = image.png; path = "ic_find_me_pressed@2x.png"; sourceTree = "<group>"; };
		7D463A5B1EB143220074BEC5 /* ic_find_me_pressed@3x.png */ = {isa = PBXFileReference; lastKnownFileType = image.png; path = "ic_find_me_pressed@3x.png"; sourceTree = "<group>"; };
		7D503BCB1E77457A00FDDC4F /* SampleMapViewController.swift */ = {isa = PBXFileReference; fileEncoding = 4; lastKnownFileType = sourcecode.swift; path = SampleMapViewController.swift; sourceTree = "<group>"; };
		7D503BCD1E77468B00FDDC4F /* SampleTableViewController.swift */ = {isa = PBXFileReference; fileEncoding = 4; lastKnownFileType = sourcecode.swift; path = SampleTableViewController.swift; sourceTree = "<group>"; };
		92C35E8790FB3255237B1E77 /* Pods.framework */ = {isa = PBXFileReference; explicitFileType = wrapper.framework; includeInIndex = 0; path = Pods.framework; sourceTree = BUILT_PRODUCTS_DIR; };
		95CDA2710056D3EB02A6B734 /* Pods-SampleApp-Objc.debug.xcconfig */ = {isa = PBXFileReference; includeInIndex = 1; lastKnownFileType = text.xcconfig; name = "Pods-SampleApp-Objc.debug.xcconfig"; path = "Pods/Target Support Files/Pods-SampleApp-Objc/Pods-SampleApp-Objc.debug.xcconfig"; sourceTree = "<group>"; };
		99B3EC60450343448FA4E699 /* Pods_ios_sdk.framework */ = {isa = PBXFileReference; explicitFileType = wrapper.framework; includeInIndex = 0; path = Pods_ios_sdk.framework; sourceTree = BUILT_PRODUCTS_DIR; };
		AAABB1E1300FAB97736F2F7F /* Pods-MapzenSDKTests.release.xcconfig */ = {isa = PBXFileReference; includeInIndex = 1; lastKnownFileType = text.xcconfig; name = "Pods-MapzenSDKTests.release.xcconfig"; path = "Pods/Target Support Files/Pods-MapzenSDKTests/Pods-MapzenSDKTests.release.xcconfig"; sourceTree = "<group>"; };
		ABDD347D603C2CCE824849FD /* Pods_SampleApp_ObjcTests.framework */ = {isa = PBXFileReference; explicitFileType = wrapper.framework; includeInIndex = 0; path = Pods_SampleApp_ObjcTests.framework; sourceTree = BUILT_PRODUCTS_DIR; };
		B96DEBA552AA3AAEA9CDF6F4 /* Pods-ios-sdk.debug.xcconfig */ = {isa = PBXFileReference; includeInIndex = 1; lastKnownFileType = text.xcconfig; name = "Pods-ios-sdk.debug.xcconfig"; path = "Pods/Target Support Files/Pods-ios-sdk/Pods-ios-sdk.debug.xcconfig"; sourceTree = "<group>"; };
		C481BB48C6711F4FEE1DA601 /* Pods-MapzenSDK.release.xcconfig */ = {isa = PBXFileReference; includeInIndex = 1; lastKnownFileType = text.xcconfig; name = "Pods-MapzenSDK.release.xcconfig"; path = "Pods/Target Support Files/Pods-MapzenSDK/Pods-MapzenSDK.release.xcconfig"; sourceTree = "<group>"; };
		D3998FF91F67B727EE3E0C7A /* Pods-MapzenSDKTests.debug.xcconfig */ = {isa = PBXFileReference; includeInIndex = 1; lastKnownFileType = text.xcconfig; name = "Pods-MapzenSDKTests.debug.xcconfig"; path = "Pods/Target Support Files/Pods-MapzenSDKTests/Pods-MapzenSDKTests.debug.xcconfig"; sourceTree = "<group>"; };
		DB1201241E96B6200085C7D8 /* DemoSearchListViewController.swift */ = {isa = PBXFileReference; fileEncoding = 4; lastKnownFileType = sourcecode.swift; path = DemoSearchListViewController.swift; sourceTree = "<group>"; };
		DB22E59B1DA46640004264E0 /* DemoRoutingResultTableVC.swift */ = {isa = PBXFileReference; fileEncoding = 4; lastKnownFileType = sourcecode.swift; path = DemoRoutingResultTableVC.swift; sourceTree = "<group>"; };
		DB22E59D1DA473CA004264E0 /* DemoRouteDirectionCell.swift */ = {isa = PBXFileReference; fileEncoding = 4; lastKnownFileType = sourcecode.swift; path = DemoRouteDirectionCell.swift; sourceTree = "<group>"; };
		DB2752F61EFC6F2900CD31B0 /* OpenGLES.framework */ = {isa = PBXFileReference; lastKnownFileType = wrapper.framework; name = OpenGLES.framework; path = System/Library/Frameworks/OpenGLES.framework; sourceTree = SDKROOT; };
		DB3501291E954A8F00FB8923 /* DemoSearchPinsViewController.swift */ = {isa = PBXFileReference; fileEncoding = 4; lastKnownFileType = sourcecode.swift; path = DemoSearchPinsViewController.swift; sourceTree = "<group>"; };
		DB7253351E9C1FF500304516 /* DemoRouteViewController.swift */ = {isa = PBXFileReference; fileEncoding = 4; lastKnownFileType = sourcecode.swift; path = DemoRouteViewController.swift; sourceTree = "<group>"; };
		DB7A33D41C8F8E8B009CC743 /* ios-sdk.app */ = {isa = PBXFileReference; explicitFileType = wrapper.application; includeInIndex = 0; path = "ios-sdk.app"; sourceTree = BUILT_PRODUCTS_DIR; };
		DB7A33D71C8F8E8B009CC743 /* AppDelegate.swift */ = {isa = PBXFileReference; lastKnownFileType = sourcecode.swift; path = AppDelegate.swift; sourceTree = "<group>"; };
		DB7A33DC1C8F8E8B009CC743 /* Base */ = {isa = PBXFileReference; lastKnownFileType = file.storyboard; name = Base; path = Base.lproj/Main.storyboard; sourceTree = "<group>"; };
		DB7A33DE1C8F8E8B009CC743 /* Assets.xcassets */ = {isa = PBXFileReference; lastKnownFileType = folder.assetcatalog; path = Assets.xcassets; sourceTree = "<group>"; };
		DB7A33E11C8F8E8B009CC743 /* Base */ = {isa = PBXFileReference; lastKnownFileType = file.storyboard; name = Base; path = Base.lproj/LaunchScreen.storyboard; sourceTree = "<group>"; };
		DB7A33E31C8F8E8B009CC743 /* Info.plist */ = {isa = PBXFileReference; lastKnownFileType = text.plist.xml; path = Info.plist; sourceTree = "<group>"; };
		DB7A33E81C8F8E8B009CC743 /* ios-sdkTests.xctest */ = {isa = PBXFileReference; explicitFileType = wrapper.cfbundle; includeInIndex = 0; path = "ios-sdkTests.xctest"; sourceTree = BUILT_PRODUCTS_DIR; };
		DBA4B4B71ED75D2F0010FDDB /* SampleApp-Objc.app */ = {isa = PBXFileReference; explicitFileType = wrapper.application; includeInIndex = 0; path = "SampleApp-Objc.app"; sourceTree = BUILT_PRODUCTS_DIR; };
		DBA4B4BA1ED75D2F0010FDDB /* main.m */ = {isa = PBXFileReference; lastKnownFileType = sourcecode.c.objc; path = main.m; sourceTree = "<group>"; };
		DBA4B4BC1ED75D2F0010FDDB /* AppDelegate.h */ = {isa = PBXFileReference; lastKnownFileType = sourcecode.c.h; path = AppDelegate.h; sourceTree = "<group>"; };
		DBA4B4BD1ED75D2F0010FDDB /* AppDelegate.m */ = {isa = PBXFileReference; lastKnownFileType = sourcecode.c.objc; path = AppDelegate.m; sourceTree = "<group>"; };
		DBA4B4BF1ED75D2F0010FDDB /* ViewController.h */ = {isa = PBXFileReference; lastKnownFileType = sourcecode.c.h; path = ViewController.h; sourceTree = "<group>"; };
		DBA4B4C01ED75D2F0010FDDB /* ViewController.m */ = {isa = PBXFileReference; lastKnownFileType = sourcecode.c.objc; path = ViewController.m; sourceTree = "<group>"; };
		DBA4B4C31ED75D2F0010FDDB /* Base */ = {isa = PBXFileReference; lastKnownFileType = file.storyboard; name = Base; path = Base.lproj/Main.storyboard; sourceTree = "<group>"; };
		DBA4B4C51ED75D2F0010FDDB /* Assets.xcassets */ = {isa = PBXFileReference; lastKnownFileType = folder.assetcatalog; path = Assets.xcassets; sourceTree = "<group>"; };
		DBA4B4C81ED75D2F0010FDDB /* Base */ = {isa = PBXFileReference; lastKnownFileType = file.storyboard; name = Base; path = Base.lproj/LaunchScreen.storyboard; sourceTree = "<group>"; };
		DBA4B4CA1ED75D2F0010FDDB /* Info.plist */ = {isa = PBXFileReference; lastKnownFileType = text.plist.xml; path = Info.plist; sourceTree = "<group>"; };
		DBA4B4CF1ED75D2F0010FDDB /* SampleApp-ObjcTests.xctest */ = {isa = PBXFileReference; explicitFileType = wrapper.cfbundle; includeInIndex = 0; path = "SampleApp-ObjcTests.xctest"; sourceTree = BUILT_PRODUCTS_DIR; };
		DBA4B4D31ED75D2F0010FDDB /* SampleApp_ObjcTests.m */ = {isa = PBXFileReference; lastKnownFileType = sourcecode.c.objc; path = SampleApp_ObjcTests.m; sourceTree = "<group>"; };
		DBA4B4D51ED75D2F0010FDDB /* Info.plist */ = {isa = PBXFileReference; lastKnownFileType = text.plist.xml; path = Info.plist; sourceTree = "<group>"; };
		DBC8698F1D3662DD00DDC4FE /* SampleAutocompleteTableViewController.swift */ = {isa = PBXFileReference; fileEncoding = 4; lastKnownFileType = sourcecode.swift; path = SampleAutocompleteTableViewController.swift; sourceTree = "<group>"; };
		DBF441AD1D351B0A007DEE95 /* DemoMapViewController.swift */ = {isa = PBXFileReference; fileEncoding = 4; lastKnownFileType = sourcecode.swift; path = DemoMapViewController.swift; sourceTree = "<group>"; };
		DBF441AF1D351C90007DEE95 /* GLKit.framework */ = {isa = PBXFileReference; lastKnownFileType = wrapper.framework; name = GLKit.framework; path = System/Library/Frameworks/GLKit.framework; sourceTree = SDKROOT; };
		FE8434036BF110F8E126135B /* Pods-SampleApp-Objc.release.xcconfig */ = {isa = PBXFileReference; includeInIndex = 1; lastKnownFileType = text.xcconfig; name = "Pods-SampleApp-Objc.release.xcconfig"; path = "Pods/Target Support Files/Pods-SampleApp-Objc/Pods-SampleApp-Objc.release.xcconfig"; sourceTree = "<group>"; };
/* End PBXFileReference section */

/* Begin PBXFrameworksBuildPhase section */
		7D4639E41EB115270074BEC5 /* Frameworks */ = {
			isa = PBXFrameworksBuildPhase;
			buildActionMask = 2147483647;
			files = (
				5BB1A61A6A1B20597B8B4286 /* Pods_MapzenSDK.framework in Frameworks */,
			);
			runOnlyForDeploymentPostprocessing = 0;
		};
		7D4639ED1EB115280074BEC5 /* Frameworks */ = {
			isa = PBXFrameworksBuildPhase;
			buildActionMask = 2147483647;
			files = (
				7D4639F11EB115280074BEC5 /* MapzenSDK.framework in Frameworks */,
				814B721477E03B65EF2C60E7 /* Pods_MapzenSDKTests.framework in Frameworks */,
			);
			runOnlyForDeploymentPostprocessing = 0;
		};
		DB7A33D11C8F8E8B009CC743 /* Frameworks */ = {
			isa = PBXFrameworksBuildPhase;
			buildActionMask = 2147483647;
			files = (
				DB2752F71EFC6F2900CD31B0 /* OpenGLES.framework in Frameworks */,
				DBF441B01D351C90007DEE95 /* GLKit.framework in Frameworks */,
				AC586709D7E7D4C22AA9474D /* Pods_ios_sdk.framework in Frameworks */,
			);
			runOnlyForDeploymentPostprocessing = 0;
		};
		DB7A33E51C8F8E8B009CC743 /* Frameworks */ = {
			isa = PBXFrameworksBuildPhase;
			buildActionMask = 2147483647;
			files = (
			);
			runOnlyForDeploymentPostprocessing = 0;
		};
		DBA4B4B41ED75D2F0010FDDB /* Frameworks */ = {
			isa = PBXFrameworksBuildPhase;
			buildActionMask = 2147483647;
			files = (
				F22D6B60CD31C9A3FDA86E61 /* Pods_SampleApp_Objc.framework in Frameworks */,
			);
			runOnlyForDeploymentPostprocessing = 0;
		};
		DBA4B4CC1ED75D2F0010FDDB /* Frameworks */ = {
			isa = PBXFrameworksBuildPhase;
			buildActionMask = 2147483647;
			files = (
				22B2883B1C846D4C65BBE914 /* Pods_SampleApp_ObjcTests.framework in Frameworks */,
			);
			runOnlyForDeploymentPostprocessing = 0;
		};
/* End PBXFrameworksBuildPhase section */

/* Begin PBXGroup section */
		7D4639E91EB115280074BEC5 /* MapzenSDK */ = {
			isa = PBXGroup;
			children = (
				7D463A551EB143220074BEC5 /* images */,
				7D463A2B1EB135610074BEC5 /* housestyles.bundle */,
				7D4639EB1EB115280074BEC5 /* Info.plist */,
				7D463A061EB135460074BEC5 /* ApplicationExtensions.swift */,
				7D463A071EB135460074BEC5 /* BundleExtensions.swift */,
				7D463A081EB135460074BEC5 /* DictionaryExtensions.swift */,
				7D463A091EB135460074BEC5 /* dimensions */,
				7D463A0B1EB135460074BEC5 /* LocationManager.swift */,
				7D463A0C1EB135460074BEC5 /* MapzenManager.swift */,
				7D463A0D1EB135460074BEC5 /* MapzenManagerExtensions.swift */,
				7D463A0E1EB135460074BEC5 /* MapzenSearch.swift */,
				7D463A0F1EB135460074BEC5 /* Marker.swift */,
				7D463A101EB135460074BEC5 /* MZMapViewController.swift */,
				7D463A111EB135460074BEC5 /* PeliasMapkitExtensions.swift */,
				7D463A121EB135460074BEC5 /* RoutingController.swift */,
				7D463A131EB135460074BEC5 /* SearchConfigs.swift */,
				7D463A141EB135460074BEC5 /* SearchDataConverter.swift */,
				7D463A151EB135460074BEC5 /* SearchDataObjects.swift */,
				7D463A161EB135460074BEC5 /* SearchResponse.swift */,
				7D463A171EB135460074BEC5 /* TangramExtensions.swift */,
				7D463A181EB135460074BEC5 /* UIColorExtensions.swift */,
			);
			path = MapzenSDK;
			sourceTree = "<group>";
		};
		7D4639F61EB115280074BEC5 /* MapzenSDKTests */ = {
			isa = PBXGroup;
			children = (
				7D4639F91EB115280074BEC5 /* Info.plist */,
				7D463A2F1EB1357B0074BEC5 /* DictionaryExtensionsTests.swift */,
				7D463A301EB1357B0074BEC5 /* MapViewControllerTests.swift */,
				7D463A311EB1357B0074BEC5 /* MapzenManagerTests.swift */,
				7D463A321EB1357B0074BEC5 /* MapzenSearchTests.swift */,
				7D463A331EB1357B0074BEC5 /* MarkerTests.swift */,
				7D463A341EB1357B0074BEC5 /* RoutingControllerTests.swift */,
				7D463A351EB1357B0074BEC5 /* SearchConfigsTests.swift */,
				7D463A361EB1357B0074BEC5 /* SearchDataConverterTests.swift */,
				7D463A371EB1357B0074BEC5 /* SearchDataObjectsTests.swift */,
				7D463A381EB1357B0074BEC5 /* SearchResponseTests.swift */,
				7D463A391EB1357B0074BEC5 /* TestAnnotationTarget.swift */,
				7D463A3A1EB1357B0074BEC5 /* TestApplication.swift */,
				7D463A3B1EB1357B0074BEC5 /* TestLocationManager.swift */,
				7D463A3C1EB1357B0074BEC5 /* TestMapzenManager.swift */,
				7D463A3D1EB1357B0074BEC5 /* TestSessionDataTask.swift */,
				7D463A3E1EB1357B0074BEC5 /* TestTGMapViewController.swift */,
				7D463A3F1EB1357B0074BEC5 /* TestTGMarkerPickResult.swift */,
				7D463A401EB1357B0074BEC5 /* TestUrlSession.swift */,
				7D463A411EB1357B0074BEC5 /* UIColorExtensionsTests.swift */,
			);
			path = MapzenSDKTests;
			sourceTree = "<group>";
		};
		7D463A091EB135460074BEC5 /* dimensions */ = {
			isa = PBXGroup;
			children = (
				7D463A0A1EB135460074BEC5 /* Dimensions.swift */,
			);
			path = dimensions;
			sourceTree = "<group>";
		};
		7D463A551EB143220074BEC5 /* images */ = {
			isa = PBXGroup;
			children = (
				7D463A561EB143220074BEC5 /* ic_find_me_normal.png */,
				7D463A571EB143220074BEC5 /* ic_find_me_normal@2x.png */,
				7D463A581EB143220074BEC5 /* ic_find_me_normal@3x.png */,
				7D463A591EB143220074BEC5 /* ic_find_me_pressed.png */,
				7D463A5A1EB143220074BEC5 /* ic_find_me_pressed@2x.png */,
				7D463A5B1EB143220074BEC5 /* ic_find_me_pressed@3x.png */,
			);
			path = images;
			sourceTree = SOURCE_ROOT;
		};
		8E4E4B43C1B764470EBBDBBA /* Pods */ = {
			isa = PBXGroup;
			children = (
				B96DEBA552AA3AAEA9CDF6F4 /* Pods-ios-sdk.debug.xcconfig */,
				0A9FDCBA6C81C063BED6CDFF /* Pods-ios-sdk.release.xcconfig */,
				2EDB307AF53EAA8E51162FE5 /* Pods-MapzenSDK.debug.xcconfig */,
				C481BB48C6711F4FEE1DA601 /* Pods-MapzenSDK.release.xcconfig */,
				D3998FF91F67B727EE3E0C7A /* Pods-MapzenSDKTests.debug.xcconfig */,
				AAABB1E1300FAB97736F2F7F /* Pods-MapzenSDKTests.release.xcconfig */,
				95CDA2710056D3EB02A6B734 /* Pods-SampleApp-Objc.debug.xcconfig */,
				FE8434036BF110F8E126135B /* Pods-SampleApp-Objc.release.xcconfig */,
				34D4552181C351DC6D5A3B4B /* Pods-SampleApp-ObjcTests.debug.xcconfig */,
				4E8141211DDA8FE738D92C75 /* Pods-SampleApp-ObjcTests.release.xcconfig */,
			);
			name = Pods;
			sourceTree = "<group>";
		};
		CF541C01B2D071D0FF55D939 /* Frameworks */ = {
			isa = PBXGroup;
			children = (
				DB2752F61EFC6F2900CD31B0 /* OpenGLES.framework */,
				DBF441AF1D351C90007DEE95 /* GLKit.framework */,
				92C35E8790FB3255237B1E77 /* Pods.framework */,
				99B3EC60450343448FA4E699 /* Pods_ios_sdk.framework */,
				5A3EA87256F2EA6D0C43260A /* Pods_ios_sdkTests.framework */,
				04E4AC0993E5EBFAAC2141F1 /* Pods_MapzenSDK.framework */,
				34105AA3EE25DC0CCB8D0111 /* Pods_MapzenSDKTests.framework */,
				21AEB2E55668201759109460 /* Pods_SampleApp_Objc.framework */,
				ABDD347D603C2CCE824849FD /* Pods_SampleApp_ObjcTests.framework */,
			);
			name = Frameworks;
			sourceTree = "<group>";
		};
		DB7A33CB1C8F8E8B009CC743 = {
			isa = PBXGroup;
			children = (
				DB7A33D61C8F8E8B009CC743 /* SampleApp */,
				7D4639E91EB115280074BEC5 /* MapzenSDK */,
				7D4639F61EB115280074BEC5 /* MapzenSDKTests */,
				DBA4B4B81ED75D2F0010FDDB /* SampleApp-Objc */,
				DBA4B4D21ED75D2F0010FDDB /* SampleApp-ObjcTests */,
				DB7A33D51C8F8E8B009CC743 /* Products */,
				CF541C01B2D071D0FF55D939 /* Frameworks */,
				8E4E4B43C1B764470EBBDBBA /* Pods */,
			);
			sourceTree = "<group>";
		};
		DB7A33D51C8F8E8B009CC743 /* Products */ = {
			isa = PBXGroup;
			children = (
				DB7A33D41C8F8E8B009CC743 /* ios-sdk.app */,
				DB7A33E81C8F8E8B009CC743 /* ios-sdkTests.xctest */,
				7D4639E81EB115280074BEC5 /* MapzenSDK.framework */,
				7D4639F01EB115280074BEC5 /* MapzenSDKTests.xctest */,
				DBA4B4B71ED75D2F0010FDDB /* SampleApp-Objc.app */,
				DBA4B4CF1ED75D2F0010FDDB /* SampleApp-ObjcTests.xctest */,
			);
			name = Products;
			sourceTree = "<group>";
		};
		DB7A33D61C8F8E8B009CC743 /* SampleApp */ = {
			isa = PBXGroup;
			children = (
				DB7A33D71C8F8E8B009CC743 /* AppDelegate.swift */,
				DB7A33DB1C8F8E8B009CC743 /* Main.storyboard */,
				DB7A33DE1C8F8E8B009CC743 /* Assets.xcassets */,
				DB7A33E01C8F8E8B009CC743 /* LaunchScreen.storyboard */,
				DB7A33E31C8F8E8B009CC743 /* Info.plist */,
				DBF441AD1D351B0A007DEE95 /* DemoMapViewController.swift */,
				DB7253351E9C1FF500304516 /* DemoRouteViewController.swift */,
				DB22E59B1DA46640004264E0 /* DemoRoutingResultTableVC.swift */,
				DB22E59D1DA473CA004264E0 /* DemoRouteDirectionCell.swift */,
				DB1201241E96B6200085C7D8 /* DemoSearchListViewController.swift */,
				DB3501291E954A8F00FB8923 /* DemoSearchPinsViewController.swift */,
				DBC8698F1D3662DD00DDC4FE /* SampleAutocompleteTableViewController.swift */,
				7D503BCB1E77457A00FDDC4F /* SampleMapViewController.swift */,
				7D503BCD1E77468B00FDDC4F /* SampleTableViewController.swift */,
			);
			path = SampleApp;
			sourceTree = "<group>";
		};
		DBA4B4B81ED75D2F0010FDDB /* SampleApp-Objc */ = {
			isa = PBXGroup;
			children = (
				DBA4B4BC1ED75D2F0010FDDB /* AppDelegate.h */,
				DBA4B4BD1ED75D2F0010FDDB /* AppDelegate.m */,
				DBA4B4BF1ED75D2F0010FDDB /* ViewController.h */,
				DBA4B4C01ED75D2F0010FDDB /* ViewController.m */,
				DBA4B4C21ED75D2F0010FDDB /* Main.storyboard */,
				DBA4B4C51ED75D2F0010FDDB /* Assets.xcassets */,
				DBA4B4C71ED75D2F0010FDDB /* LaunchScreen.storyboard */,
				DBA4B4CA1ED75D2F0010FDDB /* Info.plist */,
				DBA4B4B91ED75D2F0010FDDB /* Supporting Files */,
			);
			path = "SampleApp-Objc";
			sourceTree = "<group>";
		};
		DBA4B4B91ED75D2F0010FDDB /* Supporting Files */ = {
			isa = PBXGroup;
			children = (
				DBA4B4BA1ED75D2F0010FDDB /* main.m */,
			);
			name = "Supporting Files";
			sourceTree = "<group>";
		};
		DBA4B4D21ED75D2F0010FDDB /* SampleApp-ObjcTests */ = {
			isa = PBXGroup;
			children = (
				DBA4B4D31ED75D2F0010FDDB /* SampleApp_ObjcTests.m */,
				DBA4B4D51ED75D2F0010FDDB /* Info.plist */,
			);
			path = "SampleApp-ObjcTests";
			sourceTree = "<group>";
		};
/* End PBXGroup section */

/* Begin PBXHeadersBuildPhase section */
		7D4639E51EB115270074BEC5 /* Headers */ = {
			isa = PBXHeadersBuildPhase;
			buildActionMask = 2147483647;
			files = (
			);
			runOnlyForDeploymentPostprocessing = 0;
		};
/* End PBXHeadersBuildPhase section */

/* Begin PBXNativeTarget section */
		7D4639E71EB115270074BEC5 /* MapzenSDK */ = {
			isa = PBXNativeTarget;
			buildConfigurationList = 7D463A031EB115280074BEC5 /* Build configuration list for PBXNativeTarget "MapzenSDK" */;
			buildPhases = (
				1D35CA1C039685CCA191A472 /* [CP] Check Pods Manifest.lock */,
				7D4639E31EB115270074BEC5 /* Sources */,
				7D4639E41EB115270074BEC5 /* Frameworks */,
				7D4639E51EB115270074BEC5 /* Headers */,
				7D4639E61EB115270074BEC5 /* Resources */,
				11203BB5D6A17B51AF6C8257 /* [CP] Copy Pods Resources */,
			);
			buildRules = (
			);
			dependencies = (
			);
			name = MapzenSDK;
			productName = MapzenSDK;
			productReference = 7D4639E81EB115280074BEC5 /* MapzenSDK.framework */;
			productType = "com.apple.product-type.framework";
		};
		7D4639EF1EB115280074BEC5 /* MapzenSDKTests */ = {
			isa = PBXNativeTarget;
			buildConfigurationList = 7D463A051EB115280074BEC5 /* Build configuration list for PBXNativeTarget "MapzenSDKTests" */;
			buildPhases = (
				B2DB28825FCEA74842A2D072 /* [CP] Check Pods Manifest.lock */,
				7D4639EC1EB115280074BEC5 /* Sources */,
				7D4639ED1EB115280074BEC5 /* Frameworks */,
				7D4639EE1EB115280074BEC5 /* Resources */,
				BDAD16DAF5DCF6E242A14FF9 /* [CP] Embed Pods Frameworks */,
				64CEF2105147C672A8E18C2A /* [CP] Copy Pods Resources */,
			);
			buildRules = (
			);
			dependencies = (
				7D4639F31EB115280074BEC5 /* PBXTargetDependency */,
				7D4639F51EB115280074BEC5 /* PBXTargetDependency */,
			);
			name = MapzenSDKTests;
			productName = MapzenSDKTests;
			productReference = 7D4639F01EB115280074BEC5 /* MapzenSDKTests.xctest */;
			productType = "com.apple.product-type.bundle.unit-test";
		};
		DB7A33D31C8F8E8B009CC743 /* ios-sdk */ = {
			isa = PBXNativeTarget;
			buildConfigurationList = DB7A33F11C8F8E8B009CC743 /* Build configuration list for PBXNativeTarget "ios-sdk" */;
			buildPhases = (
				AC3A5700437670DDDF710855 /* [CP] Check Pods Manifest.lock */,
				DB7A33D01C8F8E8B009CC743 /* Sources */,
				DB7A33D11C8F8E8B009CC743 /* Frameworks */,
				DB7A33D21C8F8E8B009CC743 /* Resources */,
				191580EBEEB1CBE8776858D7 /* [CP] Embed Pods Frameworks */,
				9ED767F151C3E563270C40FC /* [CP] Copy Pods Resources */,
				7D9EBCD31E6E0BA500303E1B /* CopyFiles */,
			);
			buildRules = (
			);
			dependencies = (
			);
			name = "ios-sdk";
			productName = "ios-sdk";
			productReference = DB7A33D41C8F8E8B009CC743 /* ios-sdk.app */;
			productType = "com.apple.product-type.application";
		};
		DB7A33E71C8F8E8B009CC743 /* ios-sdkTests */ = {
			isa = PBXNativeTarget;
			buildConfigurationList = DB7A33F41C8F8E8B009CC743 /* Build configuration list for PBXNativeTarget "ios-sdkTests" */;
			buildPhases = (
				DB7A33E41C8F8E8B009CC743 /* Sources */,
				DB7A33E51C8F8E8B009CC743 /* Frameworks */,
				DB7A33E61C8F8E8B009CC743 /* Resources */,
			);
			buildRules = (
			);
			dependencies = (
				DB7A33EA1C8F8E8B009CC743 /* PBXTargetDependency */,
			);
			name = "ios-sdkTests";
			productName = "ios-sdkTests";
			productReference = DB7A33E81C8F8E8B009CC743 /* ios-sdkTests.xctest */;
			productType = "com.apple.product-type.bundle.unit-test";
		};
		DBA4B4B61ED75D2F0010FDDB /* SampleApp-Objc */ = {
			isa = PBXNativeTarget;
			buildConfigurationList = DBA4B4D61ED75D2F0010FDDB /* Build configuration list for PBXNativeTarget "SampleApp-Objc" */;
			buildPhases = (
				E087768F5C379043FA729F68 /* [CP] Check Pods Manifest.lock */,
				DBA4B4B31ED75D2F0010FDDB /* Sources */,
				DBA4B4B41ED75D2F0010FDDB /* Frameworks */,
				DBA4B4B51ED75D2F0010FDDB /* Resources */,
				0814196DAACFC7AA582B1564 /* [CP] Embed Pods Frameworks */,
				CCA8FE29978EB3385E6FF4B2 /* [CP] Copy Pods Resources */,
			);
			buildRules = (
			);
			dependencies = (
			);
			name = "SampleApp-Objc";
			productName = "SampleApp-Objc";
			productReference = DBA4B4B71ED75D2F0010FDDB /* SampleApp-Objc.app */;
			productType = "com.apple.product-type.application";
		};
		DBA4B4CE1ED75D2F0010FDDB /* SampleApp-ObjcTests */ = {
			isa = PBXNativeTarget;
			buildConfigurationList = DBA4B4D91ED75D2F0010FDDB /* Build configuration list for PBXNativeTarget "SampleApp-ObjcTests" */;
			buildPhases = (
				EEC26F3C33C82C4D2C1F826A /* [CP] Check Pods Manifest.lock */,
				DBA4B4CB1ED75D2F0010FDDB /* Sources */,
				DBA4B4CC1ED75D2F0010FDDB /* Frameworks */,
				DBA4B4CD1ED75D2F0010FDDB /* Resources */,
				E01DFB9B4E2279BAB3CF6188 /* [CP] Embed Pods Frameworks */,
				995D7311EE65D60726F3BC9A /* [CP] Copy Pods Resources */,
			);
			buildRules = (
			);
			dependencies = (
				DBA4B4D11ED75D2F0010FDDB /* PBXTargetDependency */,
			);
			name = "SampleApp-ObjcTests";
			productName = "SampleApp-ObjcTests";
			productReference = DBA4B4CF1ED75D2F0010FDDB /* SampleApp-ObjcTests.xctest */;
			productType = "com.apple.product-type.bundle.unit-test";
		};
/* End PBXNativeTarget section */

/* Begin PBXProject section */
		DB7A33CC1C8F8E8B009CC743 /* Project object */ = {
			isa = PBXProject;
			attributes = {
				LastSwiftUpdateCheck = 0830;
				LastUpgradeCheck = 0830;
				ORGANIZATIONNAME = Mapzen;
				TargetAttributes = {
					7D4639E71EB115270074BEC5 = {
						CreatedOnToolsVersion = 8.3.1;
						LastSwiftMigration = 0830;
						ProvisioningStyle = Manual;
					};
					7D4639EF1EB115280074BEC5 = {
						CreatedOnToolsVersion = 8.3.1;
						LastSwiftMigration = 0830;
						ProvisioningStyle = Manual;
						TestTargetID = DB7A33D31C8F8E8B009CC743;
					};
					DB7A33D31C8F8E8B009CC743 = {
						CreatedOnToolsVersion = 7.2.1;
						DevelopmentTeam = LTQC954SPQ;
						LastSwiftMigration = 0820;
						ProvisioningStyle = Manual;
					};
					DB7A33E71C8F8E8B009CC743 = {
						CreatedOnToolsVersion = 7.2.1;
						DevelopmentTeam = LTQC954SPQ;
						LastSwiftMigration = 0820;
						TestTargetID = DB7A33D31C8F8E8B009CC743;
					};
					DBA4B4B61ED75D2F0010FDDB = {
						CreatedOnToolsVersion = 8.3.2;
						DevelopmentTeam = LTQC954SPQ;
						ProvisioningStyle = Automatic;
					};
					DBA4B4CE1ED75D2F0010FDDB = {
						CreatedOnToolsVersion = 8.3.2;
						DevelopmentTeam = LTQC954SPQ;
						ProvisioningStyle = Automatic;
						TestTargetID = DBA4B4B61ED75D2F0010FDDB;
					};
				};
			};
			buildConfigurationList = DB7A33CF1C8F8E8B009CC743 /* Build configuration list for PBXProject "ios-sdk" */;
			compatibilityVersion = "Xcode 3.2";
			developmentRegion = English;
			hasScannedForEncodings = 0;
			knownRegions = (
				en,
				Base,
			);
			mainGroup = DB7A33CB1C8F8E8B009CC743;
			productRefGroup = DB7A33D51C8F8E8B009CC743 /* Products */;
			projectDirPath = "";
			projectRoot = "";
			targets = (
				DB7A33D31C8F8E8B009CC743 /* ios-sdk */,
				DB7A33E71C8F8E8B009CC743 /* ios-sdkTests */,
				7D4639E71EB115270074BEC5 /* MapzenSDK */,
				7D4639EF1EB115280074BEC5 /* MapzenSDKTests */,
				DBA4B4B61ED75D2F0010FDDB /* SampleApp-Objc */,
				DBA4B4CE1ED75D2F0010FDDB /* SampleApp-ObjcTests */,
			);
		};
/* End PBXProject section */

/* Begin PBXResourcesBuildPhase section */
		7D4639E61EB115270074BEC5 /* Resources */ = {
			isa = PBXResourcesBuildPhase;
			buildActionMask = 2147483647;
			files = (
				7D463A611EB143220074BEC5 /* ic_find_me_pressed@3x.png in Resources */,
				7D463A2C1EB135610074BEC5 /* housestyles.bundle in Resources */,
				7D463A5C1EB143220074BEC5 /* ic_find_me_normal.png in Resources */,
				7D463A5F1EB143220074BEC5 /* ic_find_me_pressed.png in Resources */,
				7D463A5D1EB143220074BEC5 /* ic_find_me_normal@2x.png in Resources */,
				7D463A601EB143220074BEC5 /* ic_find_me_pressed@2x.png in Resources */,
				7D463A5E1EB143220074BEC5 /* ic_find_me_normal@3x.png in Resources */,
			);
			runOnlyForDeploymentPostprocessing = 0;
		};
		7D4639EE1EB115280074BEC5 /* Resources */ = {
			isa = PBXResourcesBuildPhase;
			buildActionMask = 2147483647;
			files = (
			);
			runOnlyForDeploymentPostprocessing = 0;
		};
		DB7A33D21C8F8E8B009CC743 /* Resources */ = {
			isa = PBXResourcesBuildPhase;
			buildActionMask = 2147483647;
			files = (
				DB7A33E21C8F8E8B009CC743 /* LaunchScreen.storyboard in Resources */,
				DB7A33DF1C8F8E8B009CC743 /* Assets.xcassets in Resources */,
				DB7A33DD1C8F8E8B009CC743 /* Main.storyboard in Resources */,
			);
			runOnlyForDeploymentPostprocessing = 0;
		};
		DB7A33E61C8F8E8B009CC743 /* Resources */ = {
			isa = PBXResourcesBuildPhase;
			buildActionMask = 2147483647;
			files = (
			);
			runOnlyForDeploymentPostprocessing = 0;
		};
		DBA4B4B51ED75D2F0010FDDB /* Resources */ = {
			isa = PBXResourcesBuildPhase;
			buildActionMask = 2147483647;
			files = (
				DBA4B4C91ED75D2F0010FDDB /* LaunchScreen.storyboard in Resources */,
				DBA4B4C61ED75D2F0010FDDB /* Assets.xcassets in Resources */,
				DBA4B4C41ED75D2F0010FDDB /* Main.storyboard in Resources */,
			);
			runOnlyForDeploymentPostprocessing = 0;
		};
		DBA4B4CD1ED75D2F0010FDDB /* Resources */ = {
			isa = PBXResourcesBuildPhase;
			buildActionMask = 2147483647;
			files = (
			);
			runOnlyForDeploymentPostprocessing = 0;
		};
/* End PBXResourcesBuildPhase section */

/* Begin PBXShellScriptBuildPhase section */
		0814196DAACFC7AA582B1564 /* [CP] Embed Pods Frameworks */ = {
			isa = PBXShellScriptBuildPhase;
			buildActionMask = 2147483647;
			files = (
			);
			inputPaths = (
			);
			name = "[CP] Embed Pods Frameworks";
			outputPaths = (
			);
			runOnlyForDeploymentPostprocessing = 0;
			shellPath = /bin/sh;
			shellScript = "\"${SRCROOT}/Pods/Target Support Files/Pods-SampleApp-Objc/Pods-SampleApp-Objc-frameworks.sh\"\n";
			showEnvVarsInLog = 0;
		};
		11203BB5D6A17B51AF6C8257 /* [CP] Copy Pods Resources */ = {
			isa = PBXShellScriptBuildPhase;
			buildActionMask = 2147483647;
			files = (
			);
			inputPaths = (
			);
			name = "[CP] Copy Pods Resources";
			outputPaths = (
			);
			runOnlyForDeploymentPostprocessing = 0;
			shellPath = /bin/sh;
			shellScript = "\"${SRCROOT}/Pods/Target Support Files/Pods-MapzenSDK/Pods-MapzenSDK-resources.sh\"\n";
			showEnvVarsInLog = 0;
		};
		191580EBEEB1CBE8776858D7 /* [CP] Embed Pods Frameworks */ = {
			isa = PBXShellScriptBuildPhase;
			buildActionMask = 2147483647;
			files = (
			);
			inputPaths = (
			);
			name = "[CP] Embed Pods Frameworks";
			outputPaths = (
			);
			runOnlyForDeploymentPostprocessing = 0;
			shellPath = /bin/sh;
			shellScript = "\"${SRCROOT}/Pods/Target Support Files/Pods-ios-sdk/Pods-ios-sdk-frameworks.sh\"\n";
			showEnvVarsInLog = 0;
		};
		1D35CA1C039685CCA191A472 /* [CP] Check Pods Manifest.lock */ = {
			isa = PBXShellScriptBuildPhase;
			buildActionMask = 2147483647;
			files = (
			);
			inputPaths = (
			);
			name = "[CP] Check Pods Manifest.lock";
			outputPaths = (
			);
			runOnlyForDeploymentPostprocessing = 0;
			shellPath = /bin/sh;
			shellScript = "diff \"${PODS_PODFILE_DIR_PATH}/Podfile.lock\" \"${PODS_ROOT}/Manifest.lock\" > /dev/null\nif [ $? != 0 ] ; then\n    # print error to STDERR\n    echo \"error: The sandbox is not in sync with the Podfile.lock. Run 'pod install' or update your CocoaPods installation.\" >&2\n    exit 1\nfi\n";
			showEnvVarsInLog = 0;
		};
		64CEF2105147C672A8E18C2A /* [CP] Copy Pods Resources */ = {
			isa = PBXShellScriptBuildPhase;
			buildActionMask = 2147483647;
			files = (
			);
			inputPaths = (
			);
			name = "[CP] Copy Pods Resources";
			outputPaths = (
			);
			runOnlyForDeploymentPostprocessing = 0;
			shellPath = /bin/sh;
			shellScript = "\"${SRCROOT}/Pods/Target Support Files/Pods-MapzenSDKTests/Pods-MapzenSDKTests-resources.sh\"\n";
			showEnvVarsInLog = 0;
		};
		995D7311EE65D60726F3BC9A /* [CP] Copy Pods Resources */ = {
			isa = PBXShellScriptBuildPhase;
			buildActionMask = 2147483647;
			files = (
			);
			inputPaths = (
			);
			name = "[CP] Copy Pods Resources";
			outputPaths = (
			);
			runOnlyForDeploymentPostprocessing = 0;
			shellPath = /bin/sh;
			shellScript = "\"${SRCROOT}/Pods/Target Support Files/Pods-SampleApp-ObjcTests/Pods-SampleApp-ObjcTests-resources.sh\"\n";
			showEnvVarsInLog = 0;
		};
		9ED767F151C3E563270C40FC /* [CP] Copy Pods Resources */ = {
			isa = PBXShellScriptBuildPhase;
			buildActionMask = 2147483647;
			files = (
			);
			inputPaths = (
			);
			name = "[CP] Copy Pods Resources";
			outputPaths = (
			);
			runOnlyForDeploymentPostprocessing = 0;
			shellPath = /bin/sh;
			shellScript = "\"${SRCROOT}/Pods/Target Support Files/Pods-ios-sdk/Pods-ios-sdk-resources.sh\"\n";
			showEnvVarsInLog = 0;
		};
		AC3A5700437670DDDF710855 /* [CP] Check Pods Manifest.lock */ = {
			isa = PBXShellScriptBuildPhase;
			buildActionMask = 2147483647;
			files = (
			);
			inputPaths = (
			);
			name = "[CP] Check Pods Manifest.lock";
			outputPaths = (
			);
			runOnlyForDeploymentPostprocessing = 0;
			shellPath = /bin/sh;
			shellScript = "diff \"${PODS_PODFILE_DIR_PATH}/Podfile.lock\" \"${PODS_ROOT}/Manifest.lock\" > /dev/null\nif [ $? != 0 ] ; then\n    # print error to STDERR\n    echo \"error: The sandbox is not in sync with the Podfile.lock. Run 'pod install' or update your CocoaPods installation.\" >&2\n    exit 1\nfi\n";
			showEnvVarsInLog = 0;
		};
		B2DB28825FCEA74842A2D072 /* [CP] Check Pods Manifest.lock */ = {
			isa = PBXShellScriptBuildPhase;
			buildActionMask = 2147483647;
			files = (
			);
			inputPaths = (
			);
			name = "[CP] Check Pods Manifest.lock";
			outputPaths = (
			);
			runOnlyForDeploymentPostprocessing = 0;
			shellPath = /bin/sh;
			shellScript = "diff \"${PODS_PODFILE_DIR_PATH}/Podfile.lock\" \"${PODS_ROOT}/Manifest.lock\" > /dev/null\nif [ $? != 0 ] ; then\n    # print error to STDERR\n    echo \"error: The sandbox is not in sync with the Podfile.lock. Run 'pod install' or update your CocoaPods installation.\" >&2\n    exit 1\nfi\n";
			showEnvVarsInLog = 0;
		};
		BDAD16DAF5DCF6E242A14FF9 /* [CP] Embed Pods Frameworks */ = {
			isa = PBXShellScriptBuildPhase;
			buildActionMask = 2147483647;
			files = (
			);
			inputPaths = (
			);
			name = "[CP] Embed Pods Frameworks";
			outputPaths = (
			);
			runOnlyForDeploymentPostprocessing = 0;
			shellPath = /bin/sh;
			shellScript = "\"${SRCROOT}/Pods/Target Support Files/Pods-MapzenSDKTests/Pods-MapzenSDKTests-frameworks.sh\"\n";
			showEnvVarsInLog = 0;
		};
		CCA8FE29978EB3385E6FF4B2 /* [CP] Copy Pods Resources */ = {
			isa = PBXShellScriptBuildPhase;
			buildActionMask = 2147483647;
			files = (
			);
			inputPaths = (
			);
			name = "[CP] Copy Pods Resources";
			outputPaths = (
			);
			runOnlyForDeploymentPostprocessing = 0;
			shellPath = /bin/sh;
			shellScript = "\"${SRCROOT}/Pods/Target Support Files/Pods-SampleApp-Objc/Pods-SampleApp-Objc-resources.sh\"\n";
			showEnvVarsInLog = 0;
		};
		E01DFB9B4E2279BAB3CF6188 /* [CP] Embed Pods Frameworks */ = {
			isa = PBXShellScriptBuildPhase;
			buildActionMask = 2147483647;
			files = (
			);
			inputPaths = (
			);
			name = "[CP] Embed Pods Frameworks";
			outputPaths = (
			);
			runOnlyForDeploymentPostprocessing = 0;
			shellPath = /bin/sh;
			shellScript = "\"${SRCROOT}/Pods/Target Support Files/Pods-SampleApp-ObjcTests/Pods-SampleApp-ObjcTests-frameworks.sh\"\n";
			showEnvVarsInLog = 0;
		};
		E087768F5C379043FA729F68 /* [CP] Check Pods Manifest.lock */ = {
			isa = PBXShellScriptBuildPhase;
			buildActionMask = 2147483647;
			files = (
			);
			inputPaths = (
			);
			name = "[CP] Check Pods Manifest.lock";
			outputPaths = (
			);
			runOnlyForDeploymentPostprocessing = 0;
			shellPath = /bin/sh;
			shellScript = "diff \"${PODS_PODFILE_DIR_PATH}/Podfile.lock\" \"${PODS_ROOT}/Manifest.lock\" > /dev/null\nif [ $? != 0 ] ; then\n    # print error to STDERR\n    echo \"error: The sandbox is not in sync with the Podfile.lock. Run 'pod install' or update your CocoaPods installation.\" >&2\n    exit 1\nfi\n";
			showEnvVarsInLog = 0;
		};
		EEC26F3C33C82C4D2C1F826A /* [CP] Check Pods Manifest.lock */ = {
			isa = PBXShellScriptBuildPhase;
			buildActionMask = 2147483647;
			files = (
			);
			inputPaths = (
			);
			name = "[CP] Check Pods Manifest.lock";
			outputPaths = (
			);
			runOnlyForDeploymentPostprocessing = 0;
			shellPath = /bin/sh;
			shellScript = "diff \"${PODS_PODFILE_DIR_PATH}/Podfile.lock\" \"${PODS_ROOT}/Manifest.lock\" > /dev/null\nif [ $? != 0 ] ; then\n    # print error to STDERR\n    echo \"error: The sandbox is not in sync with the Podfile.lock. Run 'pod install' or update your CocoaPods installation.\" >&2\n    exit 1\nfi\n";
			showEnvVarsInLog = 0;
		};
/* End PBXShellScriptBuildPhase section */

/* Begin PBXSourcesBuildPhase section */
		7D4639E31EB115270074BEC5 /* Sources */ = {
			isa = PBXSourcesBuildPhase;
			buildActionMask = 2147483647;
			files = (
				7D463A1F1EB135460074BEC5 /* MapzenManagerExtensions.swift in Sources */,
				7D463A251EB135460074BEC5 /* SearchConfigs.swift in Sources */,
				7D463A1E1EB135460074BEC5 /* MapzenManager.swift in Sources */,
				7D463A241EB135460074BEC5 /* RoutingController.swift in Sources */,
				7D463A281EB135460074BEC5 /* SearchResponse.swift in Sources */,
				7D463A1C1EB135460074BEC5 /* Dimensions.swift in Sources */,
				7D463A191EB135460074BEC5 /* ApplicationExtensions.swift in Sources */,
				7D463A221EB135460074BEC5 /* MZMapViewController.swift in Sources */,
				DBEF2B141EC3B99A00D19B62 /* LocationManager.swift in Sources */,
				7D463A2A1EB135460074BEC5 /* UIColorExtensions.swift in Sources */,
				7D463A1A1EB135460074BEC5 /* BundleExtensions.swift in Sources */,
				7D463A291EB135460074BEC5 /* TangramExtensions.swift in Sources */,
				7D463A231EB135460074BEC5 /* PeliasMapkitExtensions.swift in Sources */,
				7D463A201EB135460074BEC5 /* MapzenSearch.swift in Sources */,
				7D463A1B1EB135460074BEC5 /* DictionaryExtensions.swift in Sources */,
				7D463A271EB135460074BEC5 /* SearchDataObjects.swift in Sources */,
				7D463A261EB135460074BEC5 /* SearchDataConverter.swift in Sources */,
				7D463A211EB135460074BEC5 /* Marker.swift in Sources */,
			);
			runOnlyForDeploymentPostprocessing = 0;
		};
		7D4639EC1EB115280074BEC5 /* Sources */ = {
			isa = PBXSourcesBuildPhase;
			buildActionMask = 2147483647;
			files = (
				7D463A511EB1357B0074BEC5 /* TestTGMapViewController.swift in Sources */,
				7D463A4E1EB1357B0074BEC5 /* TestLocationManager.swift in Sources */,
				7D463A4C1EB1357B0074BEC5 /* TestAnnotationTarget.swift in Sources */,
				7D463A461EB1357B0074BEC5 /* MarkerTests.swift in Sources */,
				7D463A4A1EB1357B0074BEC5 /* SearchDataObjectsTests.swift in Sources */,
				7D463A501EB1357B0074BEC5 /* TestSessionDataTask.swift in Sources */,
				7D463A4F1EB1357B0074BEC5 /* TestMapzenManager.swift in Sources */,
				7D463A441EB1357B0074BEC5 /* MapzenManagerTests.swift in Sources */,
				7D463A4D1EB1357B0074BEC5 /* TestApplication.swift in Sources */,
				7D463A421EB1357B0074BEC5 /* DictionaryExtensionsTests.swift in Sources */,
				7D463A531EB1357B0074BEC5 /* TestUrlSession.swift in Sources */,
				7D463A4B1EB1357B0074BEC5 /* SearchResponseTests.swift in Sources */,
				7D463A451EB1357B0074BEC5 /* MapzenSearchTests.swift in Sources */,
				7D463A541EB1357B0074BEC5 /* UIColorExtensionsTests.swift in Sources */,
				7D463A491EB1357B0074BEC5 /* SearchDataConverterTests.swift in Sources */,
				7D463A471EB1357B0074BEC5 /* RoutingControllerTests.swift in Sources */,
				7D463A521EB1357B0074BEC5 /* TestTGMarkerPickResult.swift in Sources */,
				7D463A481EB1357B0074BEC5 /* SearchConfigsTests.swift in Sources */,
				7D463A431EB1357B0074BEC5 /* MapViewControllerTests.swift in Sources */,
			);
			runOnlyForDeploymentPostprocessing = 0;
		};
		DB7A33D01C8F8E8B009CC743 /* Sources */ = {
			isa = PBXSourcesBuildPhase;
			buildActionMask = 2147483647;
			files = (
				DBF441AE1D351B0A007DEE95 /* DemoMapViewController.swift in Sources */,
				DB22E59E1DA473CA004264E0 /* DemoRouteDirectionCell.swift in Sources */,
				7D503BCC1E77457A00FDDC4F /* SampleMapViewController.swift in Sources */,
				DB7253361E9C1FF500304516 /* DemoRouteViewController.swift in Sources */,
				DB35012A1E954A8F00FB8923 /* DemoSearchPinsViewController.swift in Sources */,
				7D503BCE1E77468B00FDDC4F /* SampleTableViewController.swift in Sources */,
				DB22E59C1DA46640004264E0 /* DemoRoutingResultTableVC.swift in Sources */,
				DBC869901D3662DD00DDC4FE /* SampleAutocompleteTableViewController.swift in Sources */,
				DB7A33D81C8F8E8B009CC743 /* AppDelegate.swift in Sources */,
				DB1201251E96B6200085C7D8 /* DemoSearchListViewController.swift in Sources */,
			);
			runOnlyForDeploymentPostprocessing = 0;
		};
		DB7A33E41C8F8E8B009CC743 /* Sources */ = {
			isa = PBXSourcesBuildPhase;
			buildActionMask = 2147483647;
			files = (
			);
			runOnlyForDeploymentPostprocessing = 0;
		};
		DBA4B4B31ED75D2F0010FDDB /* Sources */ = {
			isa = PBXSourcesBuildPhase;
			buildActionMask = 2147483647;
			files = (
				DBA4B4C11ED75D2F0010FDDB /* ViewController.m in Sources */,
				DBA4B4BE1ED75D2F0010FDDB /* AppDelegate.m in Sources */,
				DBA4B4BB1ED75D2F0010FDDB /* main.m in Sources */,
			);
			runOnlyForDeploymentPostprocessing = 0;
		};
		DBA4B4CB1ED75D2F0010FDDB /* Sources */ = {
			isa = PBXSourcesBuildPhase;
			buildActionMask = 2147483647;
			files = (
				DBA4B4D41ED75D2F0010FDDB /* SampleApp_ObjcTests.m in Sources */,
			);
			runOnlyForDeploymentPostprocessing = 0;
		};
/* End PBXSourcesBuildPhase section */

/* Begin PBXTargetDependency section */
		7D4639F31EB115280074BEC5 /* PBXTargetDependency */ = {
			isa = PBXTargetDependency;
			target = 7D4639E71EB115270074BEC5 /* MapzenSDK */;
			targetProxy = 7D4639F21EB115280074BEC5 /* PBXContainerItemProxy */;
		};
		7D4639F51EB115280074BEC5 /* PBXTargetDependency */ = {
			isa = PBXTargetDependency;
			target = DB7A33D31C8F8E8B009CC743 /* ios-sdk */;
			targetProxy = 7D4639F41EB115280074BEC5 /* PBXContainerItemProxy */;
		};
		DB7A33EA1C8F8E8B009CC743 /* PBXTargetDependency */ = {
			isa = PBXTargetDependency;
			target = DB7A33D31C8F8E8B009CC743 /* ios-sdk */;
			targetProxy = DB7A33E91C8F8E8B009CC743 /* PBXContainerItemProxy */;
		};
		DBA4B4D11ED75D2F0010FDDB /* PBXTargetDependency */ = {
			isa = PBXTargetDependency;
			target = DBA4B4B61ED75D2F0010FDDB /* SampleApp-Objc */;
			targetProxy = DBA4B4D01ED75D2F0010FDDB /* PBXContainerItemProxy */;
		};
/* End PBXTargetDependency section */

/* Begin PBXVariantGroup section */
		DB7A33DB1C8F8E8B009CC743 /* Main.storyboard */ = {
			isa = PBXVariantGroup;
			children = (
				DB7A33DC1C8F8E8B009CC743 /* Base */,
			);
			name = Main.storyboard;
			sourceTree = "<group>";
		};
		DB7A33E01C8F8E8B009CC743 /* LaunchScreen.storyboard */ = {
			isa = PBXVariantGroup;
			children = (
				DB7A33E11C8F8E8B009CC743 /* Base */,
			);
			name = LaunchScreen.storyboard;
			sourceTree = "<group>";
		};
		DBA4B4C21ED75D2F0010FDDB /* Main.storyboard */ = {
			isa = PBXVariantGroup;
			children = (
				DBA4B4C31ED75D2F0010FDDB /* Base */,
			);
			name = Main.storyboard;
			sourceTree = "<group>";
		};
		DBA4B4C71ED75D2F0010FDDB /* LaunchScreen.storyboard */ = {
			isa = PBXVariantGroup;
			children = (
				DBA4B4C81ED75D2F0010FDDB /* Base */,
			);
			name = LaunchScreen.storyboard;
			sourceTree = "<group>";
		};
/* End PBXVariantGroup section */

/* Begin XCBuildConfiguration section */
		7D4639FF1EB115280074BEC5 /* Debug */ = {
			isa = XCBuildConfiguration;
			baseConfigurationReference = 2EDB307AF53EAA8E51162FE5 /* Pods-MapzenSDK.debug.xcconfig */;
			buildSettings = {
				CLANG_ANALYZER_NONNULL = YES;
				CLANG_ANALYZER_NUMBER_OBJECT_CONVERSION = YES_AGGRESSIVE;
				CLANG_ENABLE_MODULES = YES;
				CLANG_WARN_DOCUMENTATION_COMMENTS = YES;
				CODE_SIGN_IDENTITY = "";
				CURRENT_PROJECT_VERSION = 1;
				DEFINES_MODULE = YES;
				DEVELOPMENT_TEAM = "";
				DYLIB_COMPATIBILITY_VERSION = 1;
				DYLIB_CURRENT_VERSION = 1;
				DYLIB_INSTALL_NAME_BASE = "@rpath";
				INFOPLIST_FILE = MapzenSDK/Info.plist;
				INSTALL_PATH = "$(LOCAL_LIBRARY_DIR)/Frameworks";
				IPHONEOS_DEPLOYMENT_TARGET = 9.3;
				LD_RUNPATH_SEARCH_PATHS = "$(inherited) @executable_path/Frameworks @loader_path/Frameworks";
				PRODUCT_BUNDLE_IDENTIFIER = com.mapzen.MapzenSDK;
				PRODUCT_NAME = "$(TARGET_NAME)";
				PROVISIONING_PROFILE_SPECIFIER = "";
				SKIP_INSTALL = YES;
				SWIFT_ACTIVE_COMPILATION_CONDITIONS = DEBUG;
				SWIFT_OPTIMIZATION_LEVEL = "-Onone";
				SWIFT_VERSION = 3.0;
				VERSIONING_SYSTEM = "apple-generic";
				VERSION_INFO_PREFIX = "";
			};
			name = Debug;
		};
		7D463A001EB115280074BEC5 /* Release */ = {
			isa = XCBuildConfiguration;
			baseConfigurationReference = C481BB48C6711F4FEE1DA601 /* Pods-MapzenSDK.release.xcconfig */;
			buildSettings = {
				CLANG_ANALYZER_NONNULL = YES;
				CLANG_ANALYZER_NUMBER_OBJECT_CONVERSION = YES_AGGRESSIVE;
				CLANG_ENABLE_MODULES = YES;
				CLANG_WARN_DOCUMENTATION_COMMENTS = YES;
				CODE_SIGN_IDENTITY = "";
				"CODE_SIGN_IDENTITY[sdk=iphoneos*]" = "";
				CURRENT_PROJECT_VERSION = 1;
				DEFINES_MODULE = YES;
				DEVELOPMENT_TEAM = "";
				DYLIB_COMPATIBILITY_VERSION = 1;
				DYLIB_CURRENT_VERSION = 1;
				DYLIB_INSTALL_NAME_BASE = "@rpath";
				INFOPLIST_FILE = MapzenSDK/Info.plist;
				INSTALL_PATH = "$(LOCAL_LIBRARY_DIR)/Frameworks";
				IPHONEOS_DEPLOYMENT_TARGET = 9.3;
				LD_RUNPATH_SEARCH_PATHS = "$(inherited) @executable_path/Frameworks @loader_path/Frameworks";
				PRODUCT_BUNDLE_IDENTIFIER = com.mapzen.MapzenSDK;
				PRODUCT_NAME = "$(TARGET_NAME)";
				PROVISIONING_PROFILE_SPECIFIER = "";
				SKIP_INSTALL = YES;
				SWIFT_VERSION = 3.0;
				VERSIONING_SYSTEM = "apple-generic";
				VERSION_INFO_PREFIX = "";
			};
			name = Release;
		};
		7D463A011EB115280074BEC5 /* Debug */ = {
			isa = XCBuildConfiguration;
			baseConfigurationReference = D3998FF91F67B727EE3E0C7A /* Pods-MapzenSDKTests.debug.xcconfig */;
			buildSettings = {
				BUNDLE_LOADER = "$(TEST_HOST)";
				CLANG_ANALYZER_NONNULL = YES;
				CLANG_ANALYZER_NUMBER_OBJECT_CONVERSION = YES_AGGRESSIVE;
				CLANG_ENABLE_MODULES = YES;
				CLANG_WARN_DOCUMENTATION_COMMENTS = YES;
				DEVELOPMENT_TEAM = "";
				INFOPLIST_FILE = MapzenSDKTests/Info.plist;
				IPHONEOS_DEPLOYMENT_TARGET = 10.3;
				LD_RUNPATH_SEARCH_PATHS = "$(inherited) @executable_path/Frameworks @loader_path/Frameworks";
				PRODUCT_BUNDLE_IDENTIFIER = com.mapzen.MapzenSDKTests;
				PRODUCT_NAME = "$(TARGET_NAME)";
				PROVISIONING_PROFILE_SPECIFIER = "";
				SWIFT_ACTIVE_COMPILATION_CONDITIONS = DEBUG;
				SWIFT_OPTIMIZATION_LEVEL = "-Onone";
				SWIFT_VERSION = 3.0;
				TEST_HOST = "$(BUILT_PRODUCTS_DIR)/ios-sdk.app/ios-sdk";
			};
			name = Debug;
		};
		7D463A021EB115280074BEC5 /* Release */ = {
			isa = XCBuildConfiguration;
			baseConfigurationReference = AAABB1E1300FAB97736F2F7F /* Pods-MapzenSDKTests.release.xcconfig */;
			buildSettings = {
				BUNDLE_LOADER = "$(TEST_HOST)";
				CLANG_ANALYZER_NONNULL = YES;
				CLANG_ANALYZER_NUMBER_OBJECT_CONVERSION = YES_AGGRESSIVE;
				CLANG_ENABLE_MODULES = YES;
				CLANG_WARN_DOCUMENTATION_COMMENTS = YES;
				"CODE_SIGN_IDENTITY[sdk=iphoneos*]" = "iPhone Developer";
				DEVELOPMENT_TEAM = "";
				INFOPLIST_FILE = MapzenSDKTests/Info.plist;
				IPHONEOS_DEPLOYMENT_TARGET = 10.3;
				LD_RUNPATH_SEARCH_PATHS = "$(inherited) @executable_path/Frameworks @loader_path/Frameworks";
				PRODUCT_BUNDLE_IDENTIFIER = com.mapzen.MapzenSDKTests;
				PRODUCT_NAME = "$(TARGET_NAME)";
				PROVISIONING_PROFILE_SPECIFIER = "";
				SWIFT_VERSION = 3.0;
				TEST_HOST = "$(BUILT_PRODUCTS_DIR)/ios-sdk.app/ios-sdk";
			};
			name = Release;
		};
		DB7A33EF1C8F8E8B009CC743 /* Debug */ = {
			isa = XCBuildConfiguration;
			buildSettings = {
				ALWAYS_SEARCH_USER_PATHS = NO;
				CLANG_CXX_LANGUAGE_STANDARD = "gnu++0x";
				CLANG_CXX_LIBRARY = "libc++";
				CLANG_ENABLE_MODULES = YES;
				CLANG_ENABLE_OBJC_ARC = YES;
				CLANG_WARN_BOOL_CONVERSION = YES;
				CLANG_WARN_CONSTANT_CONVERSION = YES;
				CLANG_WARN_DIRECT_OBJC_ISA_USAGE = YES_ERROR;
				CLANG_WARN_EMPTY_BODY = YES;
				CLANG_WARN_ENUM_CONVERSION = YES;
				CLANG_WARN_INFINITE_RECURSION = YES;
				CLANG_WARN_INT_CONVERSION = YES;
				CLANG_WARN_OBJC_ROOT_CLASS = YES_ERROR;
				CLANG_WARN_SUSPICIOUS_MOVE = YES;
				CLANG_WARN_UNREACHABLE_CODE = YES;
				CLANG_WARN__DUPLICATE_METHOD_MATCH = YES;
				"CODE_SIGN_IDENTITY[sdk=iphoneos*]" = "iPhone Developer";
				COPY_PHASE_STRIP = NO;
				DEBUG_INFORMATION_FORMAT = dwarf;
				ENABLE_STRICT_OBJC_MSGSEND = YES;
				ENABLE_TESTABILITY = YES;
				GCC_C_LANGUAGE_STANDARD = gnu99;
				GCC_DYNAMIC_NO_PIC = NO;
				GCC_NO_COMMON_BLOCKS = YES;
				GCC_OPTIMIZATION_LEVEL = 0;
				GCC_PREPROCESSOR_DEFINITIONS = (
					"DEBUG=1",
					"$(inherited)",
				);
				GCC_WARN_64_TO_32_BIT_CONVERSION = YES;
				GCC_WARN_ABOUT_RETURN_TYPE = YES_ERROR;
				GCC_WARN_UNDECLARED_SELECTOR = YES;
				GCC_WARN_UNINITIALIZED_AUTOS = YES_AGGRESSIVE;
				GCC_WARN_UNUSED_FUNCTION = YES;
				GCC_WARN_UNUSED_VARIABLE = YES;
				IPHONEOS_DEPLOYMENT_TARGET = 9.3;
				MTL_ENABLE_DEBUG_INFO = YES;
				ONLY_ACTIVE_ARCH = YES;
				SDKROOT = iphoneos;
				SWIFT_OPTIMIZATION_LEVEL = "-Onone";
				TARGETED_DEVICE_FAMILY = "1,2";
			};
			name = Debug;
		};
		DB7A33F01C8F8E8B009CC743 /* Release */ = {
			isa = XCBuildConfiguration;
			buildSettings = {
				ALWAYS_SEARCH_USER_PATHS = NO;
				CLANG_CXX_LANGUAGE_STANDARD = "gnu++0x";
				CLANG_CXX_LIBRARY = "libc++";
				CLANG_ENABLE_MODULES = YES;
				CLANG_ENABLE_OBJC_ARC = YES;
				CLANG_WARN_BOOL_CONVERSION = YES;
				CLANG_WARN_CONSTANT_CONVERSION = YES;
				CLANG_WARN_DIRECT_OBJC_ISA_USAGE = YES_ERROR;
				CLANG_WARN_EMPTY_BODY = YES;
				CLANG_WARN_ENUM_CONVERSION = YES;
				CLANG_WARN_INFINITE_RECURSION = YES;
				CLANG_WARN_INT_CONVERSION = YES;
				CLANG_WARN_OBJC_ROOT_CLASS = YES_ERROR;
				CLANG_WARN_SUSPICIOUS_MOVE = YES;
				CLANG_WARN_UNREACHABLE_CODE = YES;
				CLANG_WARN__DUPLICATE_METHOD_MATCH = YES;
				"CODE_SIGN_IDENTITY[sdk=iphoneos*]" = "";
				COPY_PHASE_STRIP = NO;
				DEBUG_INFORMATION_FORMAT = "dwarf-with-dsym";
				ENABLE_NS_ASSERTIONS = NO;
				ENABLE_STRICT_OBJC_MSGSEND = YES;
				GCC_C_LANGUAGE_STANDARD = gnu99;
				GCC_NO_COMMON_BLOCKS = YES;
				GCC_WARN_64_TO_32_BIT_CONVERSION = YES;
				GCC_WARN_ABOUT_RETURN_TYPE = YES_ERROR;
				GCC_WARN_UNDECLARED_SELECTOR = YES;
				GCC_WARN_UNINITIALIZED_AUTOS = YES_AGGRESSIVE;
				GCC_WARN_UNUSED_FUNCTION = YES;
				GCC_WARN_UNUSED_VARIABLE = YES;
				IPHONEOS_DEPLOYMENT_TARGET = 9.3;
				MTL_ENABLE_DEBUG_INFO = NO;
				SDKROOT = iphoneos;
				SWIFT_OPTIMIZATION_LEVEL = "-Owholemodule";
				TARGETED_DEVICE_FAMILY = "1,2";
				VALIDATE_PRODUCT = YES;
			};
			name = Release;
		};
		DB7A33F21C8F8E8B009CC743 /* Debug */ = {
			isa = XCBuildConfiguration;
			baseConfigurationReference = B96DEBA552AA3AAEA9CDF6F4 /* Pods-ios-sdk.debug.xcconfig */;
			buildSettings = {
				ASSETCATALOG_COMPILER_APPICON_NAME = AppIcon;
				CLANG_ENABLE_MODULES = YES;
				"CODE_SIGN_IDENTITY[sdk=iphoneos*]" = "iPhone Developer";
				DEFINES_MODULE = YES;
				DEVELOPMENT_TEAM = LTQC954SPQ;
				ENABLE_BITCODE = NO;
				FRAMEWORK_SEARCH_PATHS = (
					"$(inherited)",
					"$(PROJECT_DIR)/src",
					"$(PROJECT_DIR)/tangram",
				);
				INFOPLIST_FILE = SampleApp/Info.plist;
				LD_RUNPATH_SEARCH_PATHS = "$(inherited) @executable_path/Frameworks";
				OTHER_LDFLAGS = (
					"$(inherited)",
					"-framework",
					"\"Pelias\"",
					"-ObjC",
				);
				PRODUCT_BUNDLE_IDENTIFIER = "com.mapzen.ios-sdk";
				PRODUCT_NAME = "$(TARGET_NAME)";
				PROVISIONING_PROFILE = "bc407523-ce0f-4016-b774-3b8f545e2b71";
				PROVISIONING_PROFILE_SPECIFIER = "Mapzen Wildcard - Dev";
				SWIFT_OBJC_BRIDGING_HEADER = "";
				SWIFT_VERSION = 3.0;
			};
			name = Debug;
		};
		DB7A33F31C8F8E8B009CC743 /* Release */ = {
			isa = XCBuildConfiguration;
			baseConfigurationReference = 0A9FDCBA6C81C063BED6CDFF /* Pods-ios-sdk.release.xcconfig */;
			buildSettings = {
				ASSETCATALOG_COMPILER_APPICON_NAME = AppIcon;
				CLANG_ENABLE_MODULES = YES;
				"CODE_SIGN_IDENTITY[sdk=iphoneos*]" = "iPhone Distribution";
				DEFINES_MODULE = YES;
				DEVELOPMENT_TEAM = LTQC954SPQ;
				ENABLE_BITCODE = NO;
				FRAMEWORK_SEARCH_PATHS = (
					"$(inherited)",
					"$(PROJECT_DIR)/ios-sdk/src",
					"$(PROJECT_DIR)/tangram",
				);
				INFOPLIST_FILE = SampleApp/Info.plist;
				LD_RUNPATH_SEARCH_PATHS = "$(inherited) @executable_path/Frameworks";
				OTHER_LDFLAGS = (
					"$(inherited)",
					"-framework",
					"\"Pelias\"",
					"-ObjC",
				);
				PRODUCT_BUNDLE_IDENTIFIER = "com.mapzen.ios-sdk";
				PRODUCT_NAME = "$(TARGET_NAME)";
				PROVISIONING_PROFILE = "5055cd38-de23-45b5-b368-354456b09bd2";
				PROVISIONING_PROFILE_SPECIFIER = "Mapzen Wildcard";
				SWIFT_OBJC_BRIDGING_HEADER = "";
				SWIFT_VERSION = 3.0;
			};
			name = Release;
		};
		DB7A33F51C8F8E8B009CC743 /* Debug */ = {
			isa = XCBuildConfiguration;
			buildSettings = {
				BUNDLE_LOADER = "$(TEST_HOST)";
				DEVELOPMENT_TEAM = LTQC954SPQ;
				INFOPLIST_FILE = MapzenSDKTests/Info.plist;
				LD_RUNPATH_SEARCH_PATHS = "$(inherited) @executable_path/Frameworks @loader_path/Frameworks";
				PRODUCT_BUNDLE_IDENTIFIER = "com.mapzen.ios-sdkTests";
				PRODUCT_NAME = "$(TARGET_NAME)";
				SWIFT_VERSION = 3.0;
				TEST_HOST = "$(BUILT_PRODUCTS_DIR)/ios-sdk.app/ios-sdk";
			};
			name = Debug;
		};
		DB7A33F61C8F8E8B009CC743 /* Release */ = {
			isa = XCBuildConfiguration;
			buildSettings = {
				BUNDLE_LOADER = "$(TEST_HOST)";
				DEVELOPMENT_TEAM = LTQC954SPQ;
				INFOPLIST_FILE = MapzenSDKTests/Info.plist;
				LD_RUNPATH_SEARCH_PATHS = "$(inherited) @executable_path/Frameworks @loader_path/Frameworks";
				PRODUCT_BUNDLE_IDENTIFIER = "com.mapzen.ios-sdkTests";
				PRODUCT_NAME = "$(TARGET_NAME)";
				SWIFT_VERSION = 3.0;
				TEST_HOST = "$(BUILT_PRODUCTS_DIR)/ios-sdk.app/ios-sdk";
			};
			name = Release;
		};
		DBA4B4D71ED75D2F0010FDDB /* Debug */ = {
			isa = XCBuildConfiguration;
			baseConfigurationReference = 95CDA2710056D3EB02A6B734 /* Pods-SampleApp-Objc.debug.xcconfig */;
			buildSettings = {
				ALWAYS_EMBED_SWIFT_STANDARD_LIBRARIES = YES;
				ASSETCATALOG_COMPILER_APPICON_NAME = AppIcon;
				CLANG_ANALYZER_NONNULL = YES;
				CLANG_ANALYZER_NUMBER_OBJECT_CONVERSION = YES_AGGRESSIVE;
				CLANG_WARN_DOCUMENTATION_COMMENTS = YES;
				DEVELOPMENT_TEAM = LTQC954SPQ;
				INFOPLIST_FILE = "SampleApp-Objc/Info.plist";
				IPHONEOS_DEPLOYMENT_TARGET = 10.3;
				LD_RUNPATH_SEARCH_PATHS = "$(inherited) @executable_path/Frameworks";
				PRODUCT_BUNDLE_IDENTIFIER = "com.mapzen.SampleApp-Objc";
				PRODUCT_NAME = "$(TARGET_NAME)";
			};
			name = Debug;
		};
		DBA4B4D81ED75D2F0010FDDB /* Release */ = {
			isa = XCBuildConfiguration;
			baseConfigurationReference = FE8434036BF110F8E126135B /* Pods-SampleApp-Objc.release.xcconfig */;
			buildSettings = {
				ALWAYS_EMBED_SWIFT_STANDARD_LIBRARIES = YES;
				ASSETCATALOG_COMPILER_APPICON_NAME = AppIcon;
				CLANG_ANALYZER_NONNULL = YES;
				CLANG_ANALYZER_NUMBER_OBJECT_CONVERSION = YES_AGGRESSIVE;
				CLANG_WARN_DOCUMENTATION_COMMENTS = YES;
				"CODE_SIGN_IDENTITY[sdk=iphoneos*]" = "iPhone Developer";
				DEVELOPMENT_TEAM = LTQC954SPQ;
				INFOPLIST_FILE = "SampleApp-Objc/Info.plist";
				IPHONEOS_DEPLOYMENT_TARGET = 10.3;
				LD_RUNPATH_SEARCH_PATHS = "$(inherited) @executable_path/Frameworks";
				PRODUCT_BUNDLE_IDENTIFIER = "com.mapzen.SampleApp-Objc";
				PRODUCT_NAME = "$(TARGET_NAME)";
			};
			name = Release;
		};
		DBA4B4DA1ED75D2F0010FDDB /* Debug */ = {
			isa = XCBuildConfiguration;
			baseConfigurationReference = 34D4552181C351DC6D5A3B4B /* Pods-SampleApp-ObjcTests.debug.xcconfig */;
			buildSettings = {
				ALWAYS_EMBED_SWIFT_STANDARD_LIBRARIES = YES;
				BUNDLE_LOADER = "$(TEST_HOST)";
				CLANG_ANALYZER_NONNULL = YES;
				CLANG_ANALYZER_NUMBER_OBJECT_CONVERSION = YES_AGGRESSIVE;
				CLANG_WARN_DOCUMENTATION_COMMENTS = YES;
				DEVELOPMENT_TEAM = LTQC954SPQ;
				INFOPLIST_FILE = "SampleApp-ObjcTests/Info.plist";
				IPHONEOS_DEPLOYMENT_TARGET = 10.3;
				LD_RUNPATH_SEARCH_PATHS = "$(inherited) @executable_path/Frameworks @loader_path/Frameworks";
				PRODUCT_BUNDLE_IDENTIFIER = "com.mapzen.SampleApp-ObjcTests";
				PRODUCT_NAME = "$(TARGET_NAME)";
				TEST_HOST = "$(BUILT_PRODUCTS_DIR)/SampleApp-Objc.app/SampleApp-Objc";
			};
			name = Debug;
		};
		DBA4B4DB1ED75D2F0010FDDB /* Release */ = {
			isa = XCBuildConfiguration;
			baseConfigurationReference = 4E8141211DDA8FE738D92C75 /* Pods-SampleApp-ObjcTests.release.xcconfig */;
			buildSettings = {
				ALWAYS_EMBED_SWIFT_STANDARD_LIBRARIES = YES;
				BUNDLE_LOADER = "$(TEST_HOST)";
				CLANG_ANALYZER_NONNULL = YES;
				CLANG_ANALYZER_NUMBER_OBJECT_CONVERSION = YES_AGGRESSIVE;
				CLANG_WARN_DOCUMENTATION_COMMENTS = YES;
				"CODE_SIGN_IDENTITY[sdk=iphoneos*]" = "iPhone Developer";
				DEVELOPMENT_TEAM = LTQC954SPQ;
				INFOPLIST_FILE = "SampleApp-ObjcTests/Info.plist";
				IPHONEOS_DEPLOYMENT_TARGET = 10.3;
				LD_RUNPATH_SEARCH_PATHS = "$(inherited) @executable_path/Frameworks @loader_path/Frameworks";
				PRODUCT_BUNDLE_IDENTIFIER = "com.mapzen.SampleApp-ObjcTests";
				PRODUCT_NAME = "$(TARGET_NAME)";
				TEST_HOST = "$(BUILT_PRODUCTS_DIR)/SampleApp-Objc.app/SampleApp-Objc";
			};
			name = Release;
		};
/* End XCBuildConfiguration section */

/* Begin XCConfigurationList section */
		7D463A031EB115280074BEC5 /* Build configuration list for PBXNativeTarget "MapzenSDK" */ = {
			isa = XCConfigurationList;
			buildConfigurations = (
				7D4639FF1EB115280074BEC5 /* Debug */,
				7D463A001EB115280074BEC5 /* Release */,
			);
			defaultConfigurationIsVisible = 0;
			defaultConfigurationName = Release;
		};
		7D463A051EB115280074BEC5 /* Build configuration list for PBXNativeTarget "MapzenSDKTests" */ = {
			isa = XCConfigurationList;
			buildConfigurations = (
				7D463A011EB115280074BEC5 /* Debug */,
				7D463A021EB115280074BEC5 /* Release */,
			);
			defaultConfigurationIsVisible = 0;
			defaultConfigurationName = Release;
		};
		DB7A33CF1C8F8E8B009CC743 /* Build configuration list for PBXProject "ios-sdk" */ = {
			isa = XCConfigurationList;
			buildConfigurations = (
				DB7A33EF1C8F8E8B009CC743 /* Debug */,
				DB7A33F01C8F8E8B009CC743 /* Release */,
			);
			defaultConfigurationIsVisible = 0;
			defaultConfigurationName = Release;
		};
		DB7A33F11C8F8E8B009CC743 /* Build configuration list for PBXNativeTarget "ios-sdk" */ = {
			isa = XCConfigurationList;
			buildConfigurations = (
				DB7A33F21C8F8E8B009CC743 /* Debug */,
				DB7A33F31C8F8E8B009CC743 /* Release */,
			);
			defaultConfigurationIsVisible = 0;
			defaultConfigurationName = Release;
		};
		DB7A33F41C8F8E8B009CC743 /* Build configuration list for PBXNativeTarget "ios-sdkTests" */ = {
			isa = XCConfigurationList;
			buildConfigurations = (
				DB7A33F51C8F8E8B009CC743 /* Debug */,
				DB7A33F61C8F8E8B009CC743 /* Release */,
			);
			defaultConfigurationIsVisible = 0;
			defaultConfigurationName = Release;
		};
		DBA4B4D61ED75D2F0010FDDB /* Build configuration list for PBXNativeTarget "SampleApp-Objc" */ = {
			isa = XCConfigurationList;
			buildConfigurations = (
				DBA4B4D71ED75D2F0010FDDB /* Debug */,
				DBA4B4D81ED75D2F0010FDDB /* Release */,
			);
			defaultConfigurationIsVisible = 0;
			defaultConfigurationName = Release;
		};
		DBA4B4D91ED75D2F0010FDDB /* Build configuration list for PBXNativeTarget "SampleApp-ObjcTests" */ = {
			isa = XCConfigurationList;
			buildConfigurations = (
				DBA4B4DA1ED75D2F0010FDDB /* Debug */,
				DBA4B4DB1ED75D2F0010FDDB /* Release */,
			);
			defaultConfigurationIsVisible = 0;
			defaultConfigurationName = Release;
		};
/* End XCConfigurationList section */
	};
	rootObject = DB7A33CC1C8F8E8B009CC743 /* Project object */;
}
